// !$*UTF8*$!
{
	archiveVersion = 1;
	classes = {
	};
	objectVersion = 56;
	objects = {

/* Begin PBXBuildFile section */
		6193AD182BF34C9C00C59D43 /* CourseRegisterVC.swift in Sources */ = {isa = PBXBuildFile; fileRef = 6193AD172BF34C9C00C59D43 /* CourseRegisterVC.swift */; };
		61B0DEC82BF74D5C009E360B /* CourseDetailVC.swift in Sources */ = {isa = PBXBuildFile; fileRef = 61B0DEC72BF74D5C009E360B /* CourseDetailVC.swift */; };
		61B0DECA2BF8F950009E360B /* CourseMapVC.swift in Sources */ = {isa = PBXBuildFile; fileRef = 61B0DEC92BF8F950009E360B /* CourseMapVC.swift */; };
		61B0DECE2BF92174009E360B /* MateViewCell.swift in Sources */ = {isa = PBXBuildFile; fileRef = 61B0DECD2BF92174009E360B /* MateViewCell.swift */; };
		61B0DED02BFA54AB009E360B /* MatePeopleListCell.swift in Sources */ = {isa = PBXBuildFile; fileRef = 61B0DECF2BFA54AB009E360B /* MatePeopleListCell.swift */; };
		61B0DED22BFA668F009E360B /* SearchVC.swift in Sources */ = {isa = PBXBuildFile; fileRef = 61B0DED12BFA668F009E360B /* SearchVC.swift */; };
		61B8F98E2BF1D502005F0728 /* CourseDrawingMapVC.swift in Sources */ = {isa = PBXBuildFile; fileRef = 61B8F98D2BF1D502005F0728 /* CourseDrawingMapVC.swift */; };
		821C00AE2BF73DB900B1C022 /* Record.swift in Sources */ = {isa = PBXBuildFile; fileRef = 821C00AD2BF73DB900B1C022 /* Record.swift */; };
		821C00B22BF7410400B1C022 /* RunTrackingManager.swift in Sources */ = {isa = PBXBuildFile; fileRef = 821C00B12BF7410400B1C022 /* RunTrackingManager.swift */; };
		822E06B62BF1EC2500636CCC /* LocationService.swift in Sources */ = {isa = PBXBuildFile; fileRef = 822E06B52BF1EC2500636CCC /* LocationService.swift */; };
		822E06B92BF1EEED00636CCC /* UserLocationDelegate.swift in Sources */ = {isa = PBXBuildFile; fileRef = 822E06B82BF1EEED00636CCC /* UserLocationDelegate.swift */; };
		82707D0F2BF72BD40038E4A7 /* Haptic.swift in Sources */ = {isa = PBXBuildFile; fileRef = 82707D0E2BF72BD40038E4A7 /* Haptic.swift */; };
		8280D26D2BF12945002CB7DD /* RunActivityVC.swift in Sources */ = {isa = PBXBuildFile; fileRef = 8280D26C2BF12945002CB7DD /* RunActivityVC.swift */; };
		8280D26F2BF12BD2002CB7DD /* LoginVC.swift in Sources */ = {isa = PBXBuildFile; fileRef = 8280D26E2BF12BD2002CB7DD /* LoginVC.swift */; };
		8280D2752BF137E2002CB7DD /* RunningResultVC.swift in Sources */ = {isa = PBXBuildFile; fileRef = 8280D2742BF137E2002CB7DD /* RunningResultVC.swift */; };
		82BE45582BEFA947007AE54A /* AppDelegate.swift in Sources */ = {isa = PBXBuildFile; fileRef = 82BE45572BEFA947007AE54A /* AppDelegate.swift */; };
		82BE455A2BEFA948007AE54A /* SceneDelegate.swift in Sources */ = {isa = PBXBuildFile; fileRef = 82BE45592BEFA948007AE54A /* SceneDelegate.swift */; };
		82BE455F2BEFA948007AE54A /* Base in Resources */ = {isa = PBXBuildFile; fileRef = 82BE455E2BEFA948007AE54A /* Base */; };
		82BE45612BEFA94A007AE54A /* Assets.xcassets in Resources */ = {isa = PBXBuildFile; fileRef = 82BE45602BEFA94A007AE54A /* Assets.xcassets */; };
		82BE45642BEFA94A007AE54A /* Base in Resources */ = {isa = PBXBuildFile; fileRef = 82BE45632BEFA94A007AE54A /* Base */; };
		82BE457C2BEFB0A0007AE54A /* RunningHomeVC.swift in Sources */ = {isa = PBXBuildFile; fileRef = 82BE457B2BEFB0A0007AE54A /* RunningHomeVC.swift */; };
		82BE457F2BEFB0E4007AE54A /* RunningMateVC.swift in Sources */ = {isa = PBXBuildFile; fileRef = 82BE457E2BEFB0E4007AE54A /* RunningMateVC.swift */; };
		82BE45812BEFB128007AE54A /* MyChatListVC.swift in Sources */ = {isa = PBXBuildFile; fileRef = 82BE45802BEFB128007AE54A /* MyChatListVC.swift */; };
		82BE45832BEFB137007AE54A /* MyProfileVC.swift in Sources */ = {isa = PBXBuildFile; fileRef = 82BE45822BEFB137007AE54A /* MyProfileVC.swift */; };
		82BE45852BEFB77C007AE54A /* CustomTabBarVC.swift in Sources */ = {isa = PBXBuildFile; fileRef = 82BE45842BEFB77C007AE54A /* CustomTabBarVC.swift */; };
		9866E6182BFB63ED0031E8B6 /* SplashView.swift in Sources */ = {isa = PBXBuildFile; fileRef = 9866E6172BFB63ED0031E8B6 /* SplashView.swift */; };
		9885ACF42BF9E8AA00367991 /* KakaoSDK in Frameworks */ = {isa = PBXBuildFile; productRef = 9885ACF32BF9E8AA00367991 /* KakaoSDK */; };
		9885ACF62BF9E8AA00367991 /* KakaoSDKAuth in Frameworks */ = {isa = PBXBuildFile; productRef = 9885ACF52BF9E8AA00367991 /* KakaoSDKAuth */; };
		9885ACF82BF9E8AA00367991 /* KakaoSDKCommon in Frameworks */ = {isa = PBXBuildFile; productRef = 9885ACF72BF9E8AA00367991 /* KakaoSDKCommon */; };
		9885ACFA2BF9E8AA00367991 /* KakaoSDKUser in Frameworks */ = {isa = PBXBuildFile; productRef = 9885ACF92BF9E8AA00367991 /* KakaoSDKUser */; };
		988618172BF317EE002ACB4E /* UIImage+.swift in Sources */ = {isa = PBXBuildFile; fileRef = 988618162BF317EE002ACB4E /* UIImage+.swift */; };
		9886181A2BF31874002ACB4E /* FirebaseAuth in Frameworks */ = {isa = PBXBuildFile; productRef = 988618192BF31874002ACB4E /* FirebaseAuth */; };
		9886181C2BF31874002ACB4E /* FirebaseAuthCombine-Community in Frameworks */ = {isa = PBXBuildFile; productRef = 9886181B2BF31874002ACB4E /* FirebaseAuthCombine-Community */; };
		9886181E2BF31874002ACB4E /* FirebaseFirestore in Frameworks */ = {isa = PBXBuildFile; productRef = 9886181D2BF31874002ACB4E /* FirebaseFirestore */; };
		988618202BF31874002ACB4E /* FirebaseFirestoreCombine-Community in Frameworks */ = {isa = PBXBuildFile; productRef = 9886181F2BF31874002ACB4E /* FirebaseFirestoreCombine-Community */; };
		988618222BF31874002ACB4E /* FirebaseFirestoreSwift in Frameworks */ = {isa = PBXBuildFile; productRef = 988618212BF31874002ACB4E /* FirebaseFirestoreSwift */; };
		988618242BF31874002ACB4E /* FirebaseMessaging in Frameworks */ = {isa = PBXBuildFile; productRef = 988618232BF31874002ACB4E /* FirebaseMessaging */; };
		988618262BF31874002ACB4E /* FirebaseStorage in Frameworks */ = {isa = PBXBuildFile; productRef = 988618252BF31874002ACB4E /* FirebaseStorage */; };
		988618282BF31874002ACB4E /* FirebaseStorageCombine-Community in Frameworks */ = {isa = PBXBuildFile; productRef = 988618272BF31874002ACB4E /* FirebaseStorageCombine-Community */; };
		9886182A2BF318AA002ACB4E /* GoogleService-Info.plist in Resources */ = {isa = PBXBuildFile; fileRef = 988618292BF318AA002ACB4E /* GoogleService-Info.plist */; };
		988618302BF348C8002ACB4E /* AuthService.swift in Sources */ = {isa = PBXBuildFile; fileRef = 9886182F2BF348C8002ACB4E /* AuthService.swift */; };
		988618332BF34AE0002ACB4E /* User.swift in Sources */ = {isa = PBXBuildFile; fileRef = 988618322BF34AE0002ACB4E /* User.swift */; };
		988618382BF37E81002ACB4E /* SignUpVC.swift in Sources */ = {isa = PBXBuildFile; fileRef = 988618372BF37E81002ACB4E /* SignUpVC.swift */; };
		9886183A2BF4FFEB002ACB4E /* MainButton.swift in Sources */ = {isa = PBXBuildFile; fileRef = 988618392BF4FFEB002ACB4E /* MainButton.swift */; };
		98887F8E2BFDBDCB006F929E /* ImageCacheManager.swift in Sources */ = {isa = PBXBuildFile; fileRef = 98887F8D2BFDBDCB006F929E /* ImageCacheManager.swift */; };
		9898034B2BF5F14200F5DFBD /* AgreementInputView.swift in Sources */ = {isa = PBXBuildFile; fileRef = 9898034A2BF5F14200F5DFBD /* AgreementInputView.swift */; };
		98AB54472BF71B390047310A /* NicknameInputView.swift in Sources */ = {isa = PBXBuildFile; fileRef = 98AB54462BF71B390047310A /* NicknameInputView.swift */; };
		98AB54492BF71B620047310A /* ProfilePictureInputView.swift in Sources */ = {isa = PBXBuildFile; fileRef = 98AB54482BF71B620047310A /* ProfilePictureInputView.swift */; };
		98AB544B2BF71B790047310A /* ProfilePublicView.swift in Sources */ = {isa = PBXBuildFile; fileRef = 98AB544A2BF71B790047310A /* ProfilePublicView.swift */; };
/* End PBXBuildFile section */

/* Begin PBXFileReference section */
		6193AD172BF34C9C00C59D43 /* CourseRegisterVC.swift */ = {isa = PBXFileReference; lastKnownFileType = sourcecode.swift; path = CourseRegisterVC.swift; sourceTree = "<group>"; };
		61B0DEC72BF74D5C009E360B /* CourseDetailVC.swift */ = {isa = PBXFileReference; lastKnownFileType = sourcecode.swift; path = CourseDetailVC.swift; sourceTree = "<group>"; };
		61B0DEC92BF8F950009E360B /* CourseMapVC.swift */ = {isa = PBXFileReference; lastKnownFileType = sourcecode.swift; path = CourseMapVC.swift; sourceTree = "<group>"; };
		61B0DECD2BF92174009E360B /* MateViewCell.swift */ = {isa = PBXFileReference; lastKnownFileType = sourcecode.swift; path = MateViewCell.swift; sourceTree = "<group>"; };
		61B0DECF2BFA54AB009E360B /* MatePeopleListCell.swift */ = {isa = PBXFileReference; lastKnownFileType = sourcecode.swift; path = MatePeopleListCell.swift; sourceTree = "<group>"; };
		61B0DED12BFA668F009E360B /* SearchVC.swift */ = {isa = PBXFileReference; lastKnownFileType = sourcecode.swift; path = SearchVC.swift; sourceTree = "<group>"; };
		61B8F98D2BF1D502005F0728 /* CourseDrawingMapVC.swift */ = {isa = PBXFileReference; lastKnownFileType = sourcecode.swift; path = CourseDrawingMapVC.swift; sourceTree = "<group>"; };
		821C00AD2BF73DB900B1C022 /* Record.swift */ = {isa = PBXFileReference; lastKnownFileType = sourcecode.swift; path = Record.swift; sourceTree = "<group>"; };
		821C00B12BF7410400B1C022 /* RunTrackingManager.swift */ = {isa = PBXFileReference; lastKnownFileType = sourcecode.swift; path = RunTrackingManager.swift; sourceTree = "<group>"; };
		822E06B52BF1EC2500636CCC /* LocationService.swift */ = {isa = PBXFileReference; lastKnownFileType = sourcecode.swift; path = LocationService.swift; sourceTree = "<group>"; };
		822E06B82BF1EEED00636CCC /* UserLocationDelegate.swift */ = {isa = PBXFileReference; lastKnownFileType = sourcecode.swift; path = UserLocationDelegate.swift; sourceTree = "<group>"; };
		82707D0E2BF72BD40038E4A7 /* Haptic.swift */ = {isa = PBXFileReference; lastKnownFileType = sourcecode.swift; path = Haptic.swift; sourceTree = "<group>"; };
		8280D26C2BF12945002CB7DD /* RunActivityVC.swift */ = {isa = PBXFileReference; lastKnownFileType = sourcecode.swift; path = RunActivityVC.swift; sourceTree = "<group>"; };
		8280D26E2BF12BD2002CB7DD /* LoginVC.swift */ = {isa = PBXFileReference; lastKnownFileType = sourcecode.swift; path = LoginVC.swift; sourceTree = "<group>"; };
		8280D2742BF137E2002CB7DD /* RunningResultVC.swift */ = {isa = PBXFileReference; lastKnownFileType = sourcecode.swift; path = RunningResultVC.swift; sourceTree = "<group>"; };
		82BE45542BEFA947007AE54A /* TrackUs-iOS.app */ = {isa = PBXFileReference; explicitFileType = wrapper.application; includeInIndex = 0; path = "TrackUs-iOS.app"; sourceTree = BUILT_PRODUCTS_DIR; };
		82BE45572BEFA947007AE54A /* AppDelegate.swift */ = {isa = PBXFileReference; lastKnownFileType = sourcecode.swift; path = AppDelegate.swift; sourceTree = "<group>"; };
		82BE45592BEFA948007AE54A /* SceneDelegate.swift */ = {isa = PBXFileReference; lastKnownFileType = sourcecode.swift; path = SceneDelegate.swift; sourceTree = "<group>"; };
		82BE455E2BEFA948007AE54A /* Base */ = {isa = PBXFileReference; lastKnownFileType = file.storyboard; name = Base; path = Base.lproj/Main.storyboard; sourceTree = "<group>"; };
		82BE45602BEFA94A007AE54A /* Assets.xcassets */ = {isa = PBXFileReference; lastKnownFileType = folder.assetcatalog; path = Assets.xcassets; sourceTree = "<group>"; };
		82BE45632BEFA94A007AE54A /* Base */ = {isa = PBXFileReference; lastKnownFileType = file.storyboard; name = Base; path = Base.lproj/LaunchScreen.storyboard; sourceTree = "<group>"; };
		82BE45652BEFA94A007AE54A /* Info.plist */ = {isa = PBXFileReference; lastKnownFileType = text.plist.xml; path = Info.plist; sourceTree = "<group>"; };
		82BE457B2BEFB0A0007AE54A /* RunningHomeVC.swift */ = {isa = PBXFileReference; lastKnownFileType = sourcecode.swift; path = RunningHomeVC.swift; sourceTree = "<group>"; };
		82BE457E2BEFB0E4007AE54A /* RunningMateVC.swift */ = {isa = PBXFileReference; lastKnownFileType = sourcecode.swift; path = RunningMateVC.swift; sourceTree = "<group>"; };
		82BE45802BEFB128007AE54A /* MyChatListVC.swift */ = {isa = PBXFileReference; lastKnownFileType = sourcecode.swift; path = MyChatListVC.swift; sourceTree = "<group>"; };
		82BE45822BEFB137007AE54A /* MyProfileVC.swift */ = {isa = PBXFileReference; lastKnownFileType = sourcecode.swift; path = MyProfileVC.swift; sourceTree = "<group>"; };
		82BE45842BEFB77C007AE54A /* CustomTabBarVC.swift */ = {isa = PBXFileReference; lastKnownFileType = sourcecode.swift; path = CustomTabBarVC.swift; sourceTree = "<group>"; };
		9866E6172BFB63ED0031E8B6 /* SplashView.swift */ = {isa = PBXFileReference; lastKnownFileType = sourcecode.swift; path = SplashView.swift; sourceTree = "<group>"; };
		9885ACFB2BF9E92300367991 /* Config.xcconfig */ = {isa = PBXFileReference; lastKnownFileType = text.xcconfig; path = Config.xcconfig; sourceTree = "<group>"; };
		988618162BF317EE002ACB4E /* UIImage+.swift */ = {isa = PBXFileReference; lastKnownFileType = sourcecode.swift; path = "UIImage+.swift"; sourceTree = "<group>"; };
		988618292BF318AA002ACB4E /* GoogleService-Info.plist */ = {isa = PBXFileReference; fileEncoding = 4; lastKnownFileType = text.plist.xml; path = "GoogleService-Info.plist"; sourceTree = "<group>"; };
		9886182F2BF348C8002ACB4E /* AuthService.swift */ = {isa = PBXFileReference; lastKnownFileType = sourcecode.swift; path = AuthService.swift; sourceTree = "<group>"; };
		988618322BF34AE0002ACB4E /* User.swift */ = {isa = PBXFileReference; lastKnownFileType = sourcecode.swift; path = User.swift; sourceTree = "<group>"; };
		988618342BF353CC002ACB4E /* TrackUs-iOS.entitlements */ = {isa = PBXFileReference; lastKnownFileType = text.plist.entitlements; path = "TrackUs-iOS.entitlements"; sourceTree = "<group>"; };
		988618372BF37E81002ACB4E /* SignUpVC.swift */ = {isa = PBXFileReference; lastKnownFileType = sourcecode.swift; path = SignUpVC.swift; sourceTree = "<group>"; };
		988618392BF4FFEB002ACB4E /* MainButton.swift */ = {isa = PBXFileReference; lastKnownFileType = sourcecode.swift; path = MainButton.swift; sourceTree = "<group>"; };
		98887F8D2BFDBDCB006F929E /* ImageCacheManager.swift */ = {isa = PBXFileReference; lastKnownFileType = sourcecode.swift; path = ImageCacheManager.swift; sourceTree = "<group>"; };
		9898034A2BF5F14200F5DFBD /* AgreementInputView.swift */ = {isa = PBXFileReference; lastKnownFileType = sourcecode.swift; path = AgreementInputView.swift; sourceTree = "<group>"; };
		98AB54462BF71B390047310A /* NicknameInputView.swift */ = {isa = PBXFileReference; lastKnownFileType = sourcecode.swift; path = NicknameInputView.swift; sourceTree = "<group>"; };
		98AB54482BF71B620047310A /* ProfilePictureInputView.swift */ = {isa = PBXFileReference; lastKnownFileType = sourcecode.swift; path = ProfilePictureInputView.swift; sourceTree = "<group>"; };
		98AB544A2BF71B790047310A /* ProfilePublicView.swift */ = {isa = PBXFileReference; lastKnownFileType = sourcecode.swift; path = ProfilePublicView.swift; sourceTree = "<group>"; };
/* End PBXFileReference section */

/* Begin PBXFrameworksBuildPhase section */
		82BE45512BEFA947007AE54A /* Frameworks */ = {
			isa = PBXFrameworksBuildPhase;
			buildActionMask = 2147483647;
			files = (
				988618242BF31874002ACB4E /* FirebaseMessaging in Frameworks */,
				9885ACF82BF9E8AA00367991 /* KakaoSDKCommon in Frameworks */,
				988618222BF31874002ACB4E /* FirebaseFirestoreSwift in Frameworks */,
				988618282BF31874002ACB4E /* FirebaseStorageCombine-Community in Frameworks */,
				9886181A2BF31874002ACB4E /* FirebaseAuth in Frameworks */,
				988618202BF31874002ACB4E /* FirebaseFirestoreCombine-Community in Frameworks */,
				988618262BF31874002ACB4E /* FirebaseStorage in Frameworks */,
				9886181C2BF31874002ACB4E /* FirebaseAuthCombine-Community in Frameworks */,
				9885ACFA2BF9E8AA00367991 /* KakaoSDKUser in Frameworks */,
				9886181E2BF31874002ACB4E /* FirebaseFirestore in Frameworks */,
				9885ACF42BF9E8AA00367991 /* KakaoSDK in Frameworks */,
				9885ACF62BF9E8AA00367991 /* KakaoSDKAuth in Frameworks */,
			);
			runOnlyForDeploymentPostprocessing = 0;
		};
/* End PBXFrameworksBuildPhase section */

/* Begin PBXGroup section */
		61B0DED32BFB7662009E360B /* View */ = {
			isa = PBXGroup;
			children = (
				61B0DECD2BF92174009E360B /* MateViewCell.swift */,
				61B0DECF2BFA54AB009E360B /* MatePeopleListCell.swift */,
			);
			path = View;
			sourceTree = "<group>";
		};
		821C00B42BF7411200B1C022 /* Services */ = {
			isa = PBXGroup;
			children = (
				821C00B12BF7410400B1C022 /* RunTrackingManager.swift */,
			);
			path = Services;
			sourceTree = "<group>";
		};
		822E06B42BF1EC0D00636CCC /* Shared */ = {
			isa = PBXGroup;
			children = (
				822E06B52BF1EC2500636CCC /* LocationService.swift */,
				82707D0E2BF72BD40038E4A7 /* Haptic.swift */,
			);
			path = Shared;
			sourceTree = "<group>";
		};
		822E06B72BF1EEDE00636CCC /* Protocol */ = {
			isa = PBXGroup;
			children = (
				822E06B82BF1EEED00636CCC /* UserLocationDelegate.swift */,
			);
			path = Protocol;
			sourceTree = "<group>";
		};
		82BE454B2BEFA947007AE54A = {
			isa = PBXGroup;
			children = (
				82BE45562BEFA947007AE54A /* TrackUs-iOS */,
				82BE45552BEFA947007AE54A /* Products */,
			);
			sourceTree = "<group>";
		};
		82BE45552BEFA947007AE54A /* Products */ = {
			isa = PBXGroup;
			children = (
				82BE45542BEFA947007AE54A /* TrackUs-iOS.app */,
			);
			name = Products;
			sourceTree = "<group>";
		};
		82BE45562BEFA947007AE54A /* TrackUs-iOS */ = {
			isa = PBXGroup;
			children = (
				82BE45652BEFA94A007AE54A /* Info.plist */,
				988618292BF318AA002ACB4E /* GoogleService-Info.plist */,
				9885ACFB2BF9E92300367991 /* Config.xcconfig */,
				988618342BF353CC002ACB4E /* TrackUs-iOS.entitlements */,
				988618312BF34A6C002ACB4E /* Model */,
				82BE456E2BEFAE22007AE54A /* Common */,
				82BE456C2BEFADE2007AE54A /* Presentation */,
				82BE455D2BEFA948007AE54A /* Main.storyboard */,
				82BE45602BEFA94A007AE54A /* Assets.xcassets */,
				82BE45622BEFA94A007AE54A /* LaunchScreen.storyboard */,
			);
			path = "TrackUs-iOS";
			sourceTree = "<group>";
		};
		82BE456C2BEFADE2007AE54A /* Presentation */ = {
			isa = PBXGroup;
			children = (
				82BE45842BEFB77C007AE54A /* CustomTabBarVC.swift */,
				82BE45732BEFAFB3007AE54A /* Running */,
				82BE45722BEFAFB0007AE54A /* Mate */,
				82BE45712BEFAFAD007AE54A /* Chat */,
				82BE45702BEFAFAB007AE54A /* Profile */,
				82BE45752BEFAFF5007AE54A /* Auth */,
			);
			path = Presentation;
			sourceTree = "<group>";
		};
		82BE456E2BEFAE22007AE54A /* Common */ = {
			isa = PBXGroup;
			children = (
				98704C7D2BFB78E9009C0FAF /* Component */,
				989803482BF5D82800F5DFBD /* Service */,
				989803472BF5D80700F5DFBD /* Extension */,
				822E06B72BF1EEDE00636CCC /* Protocol */,
				822E06B42BF1EC0D00636CCC /* Shared */,
				82BE456F2BEFAE74007AE54A /* Core */,
			);
			path = Common;
			sourceTree = "<group>";
		};
		82BE456F2BEFAE74007AE54A /* Core */ = {
			isa = PBXGroup;
			children = (
				82BE45572BEFA947007AE54A /* AppDelegate.swift */,
				82BE45592BEFA948007AE54A /* SceneDelegate.swift */,
			);
			path = Core;
			sourceTree = "<group>";
		};
		82BE45702BEFAFAB007AE54A /* Profile */ = {
			isa = PBXGroup;
			children = (
				82BE45792BEFB035007AE54A /* Controllers */,
			);
			path = Profile;
			sourceTree = "<group>";
		};
		82BE45712BEFAFAD007AE54A /* Chat */ = {
			isa = PBXGroup;
			children = (
				82BE45782BEFB02F007AE54A /* Controllers */,
			);
			path = Chat;
			sourceTree = "<group>";
		};
		82BE45722BEFAFB0007AE54A /* Mate */ = {
			isa = PBXGroup;
			children = (
				61B0DED32BFB7662009E360B /* View */,
				82BE45772BEFB027007AE54A /* Controllers */,
			);
			path = Mate;
			sourceTree = "<group>";
		};
		82BE45732BEFAFB3007AE54A /* Running */ = {
			isa = PBXGroup;
			children = (
				821C00B42BF7411200B1C022 /* Services */,
				82BE45762BEFB020007AE54A /* Controllers */,
			);
			path = Running;
			sourceTree = "<group>";
		};
		82BE45752BEFAFF5007AE54A /* Auth */ = {
			isa = PBXGroup;
			children = (
				989803492BF5DD2600F5DFBD /* View */,
				82BE457A2BEFB03B007AE54A /* Controllers */,
			);
			path = Auth;
			sourceTree = "<group>";
		};
		82BE45762BEFB020007AE54A /* Controllers */ = {
			isa = PBXGroup;
			children = (
				82BE457B2BEFB0A0007AE54A /* RunningHomeVC.swift */,
				8280D2742BF137E2002CB7DD /* RunningResultVC.swift */,
				8280D26C2BF12945002CB7DD /* RunActivityVC.swift */,
			);
			path = Controllers;
			sourceTree = "<group>";
		};
		82BE45772BEFB027007AE54A /* Controllers */ = {
			isa = PBXGroup;
			children = (
				82BE457E2BEFB0E4007AE54A /* RunningMateVC.swift */,
				61B8F98D2BF1D502005F0728 /* CourseDrawingMapVC.swift */,
				6193AD172BF34C9C00C59D43 /* CourseRegisterVC.swift */,
				61B0DEC72BF74D5C009E360B /* CourseDetailVC.swift */,
				61B0DEC92BF8F950009E360B /* CourseMapVC.swift */,
				61B0DED12BFA668F009E360B /* SearchVC.swift */,
			);
			path = Controllers;
			sourceTree = "<group>";
		};
		82BE45782BEFB02F007AE54A /* Controllers */ = {
			isa = PBXGroup;
			children = (
				82BE45802BEFB128007AE54A /* MyChatListVC.swift */,
			);
			path = Controllers;
			sourceTree = "<group>";
		};
		82BE45792BEFB035007AE54A /* Controllers */ = {
			isa = PBXGroup;
			children = (
				82BE45822BEFB137007AE54A /* MyProfileVC.swift */,
			);
			path = Controllers;
			sourceTree = "<group>";
		};
		82BE457A2BEFB03B007AE54A /* Controllers */ = {
			isa = PBXGroup;
			children = (
				8280D26E2BF12BD2002CB7DD /* LoginVC.swift */,
				988618372BF37E81002ACB4E /* SignUpVC.swift */,
			);
			path = Controllers;
			sourceTree = "<group>";
		};
		98704C7D2BFB78E9009C0FAF /* Component */ = {
			isa = PBXGroup;
			children = (
				988618392BF4FFEB002ACB4E /* MainButton.swift */,
			);
			path = Component;
			sourceTree = "<group>";
		};
		988618312BF34A6C002ACB4E /* Model */ = {
			isa = PBXGroup;
			children = (
				988618322BF34AE0002ACB4E /* User.swift */,
				821C00AD2BF73DB900B1C022 /* Record.swift */,
			);
			path = Model;
			sourceTree = "<group>";
		};
		989803472BF5D80700F5DFBD /* Extension */ = {
			isa = PBXGroup;
			children = (
				988618162BF317EE002ACB4E /* UIImage+.swift */,
			);
			path = Extension;
			sourceTree = "<group>";
		};
		989803482BF5D82800F5DFBD /* Service */ = {
			isa = PBXGroup;
			children = (
				9886182F2BF348C8002ACB4E /* AuthService.swift */,
				98887F8D2BFDBDCB006F929E /* ImageCacheManager.swift */,
			);
			path = Service;
			sourceTree = "<group>";
		};
		989803492BF5DD2600F5DFBD /* View */ = {
			isa = PBXGroup;
			children = (
				9898034A2BF5F14200F5DFBD /* AgreementInputView.swift */,
				98AB54462BF71B390047310A /* NicknameInputView.swift */,
				98AB54482BF71B620047310A /* ProfilePictureInputView.swift */,
				98AB544A2BF71B790047310A /* ProfilePublicView.swift */,
				9866E6172BFB63ED0031E8B6 /* SplashView.swift */,
			);
			path = View;
			sourceTree = "<group>";
		};
/* End PBXGroup section */

/* Begin PBXNativeTarget section */
		82BE45532BEFA947007AE54A /* TrackUs-iOS */ = {
			isa = PBXNativeTarget;
			buildConfigurationList = 82BE45682BEFA94A007AE54A /* Build configuration list for PBXNativeTarget "TrackUs-iOS" */;
			buildPhases = (
				82BE45502BEFA947007AE54A /* Sources */,
				82BE45512BEFA947007AE54A /* Frameworks */,
				82BE45522BEFA947007AE54A /* Resources */,
			);
			buildRules = (
			);
			dependencies = (
			);
			name = "TrackUs-iOS";
			packageProductDependencies = (
				988618192BF31874002ACB4E /* FirebaseAuth */,
				9886181B2BF31874002ACB4E /* FirebaseAuthCombine-Community */,
				9886181D2BF31874002ACB4E /* FirebaseFirestore */,
				9886181F2BF31874002ACB4E /* FirebaseFirestoreCombine-Community */,
				988618212BF31874002ACB4E /* FirebaseFirestoreSwift */,
				988618232BF31874002ACB4E /* FirebaseMessaging */,
				988618252BF31874002ACB4E /* FirebaseStorage */,
				988618272BF31874002ACB4E /* FirebaseStorageCombine-Community */,
				9885ACF32BF9E8AA00367991 /* KakaoSDK */,
				9885ACF52BF9E8AA00367991 /* KakaoSDKAuth */,
				9885ACF72BF9E8AA00367991 /* KakaoSDKCommon */,
				9885ACF92BF9E8AA00367991 /* KakaoSDKUser */,
			);
			productName = "TrackUs-iOS";
			productReference = 82BE45542BEFA947007AE54A /* TrackUs-iOS.app */;
			productType = "com.apple.product-type.application";
		};
/* End PBXNativeTarget section */

/* Begin PBXProject section */
		82BE454C2BEFA947007AE54A /* Project object */ = {
			isa = PBXProject;
			attributes = {
				BuildIndependentTargetsInParallel = 1;
				LastSwiftUpdateCheck = 1530;
				LastUpgradeCheck = 1530;
				TargetAttributes = {
					82BE45532BEFA947007AE54A = {
						CreatedOnToolsVersion = 15.3;
					};
				};
			};
			buildConfigurationList = 82BE454F2BEFA947007AE54A /* Build configuration list for PBXProject "TrackUs-iOS" */;
			compatibilityVersion = "Xcode 14.0";
			developmentRegion = en;
			hasScannedForEncodings = 0;
			knownRegions = (
				en,
				Base,
			);
			mainGroup = 82BE454B2BEFA947007AE54A;
			packageReferences = (
				988618182BF31874002ACB4E /* XCRemoteSwiftPackageReference "firebase-ios-sdk" */,
				9885ACF22BF9E8AA00367991 /* XCRemoteSwiftPackageReference "kakao-ios-sdk" */,
			);
			productRefGroup = 82BE45552BEFA947007AE54A /* Products */;
			projectDirPath = "";
			projectRoot = "";
			targets = (
				82BE45532BEFA947007AE54A /* TrackUs-iOS */,
			);
		};
/* End PBXProject section */

/* Begin PBXResourcesBuildPhase section */
		82BE45522BEFA947007AE54A /* Resources */ = {
			isa = PBXResourcesBuildPhase;
			buildActionMask = 2147483647;
			files = (
				82BE45612BEFA94A007AE54A /* Assets.xcassets in Resources */,
				82BE45642BEFA94A007AE54A /* Base in Resources */,
				82BE455F2BEFA948007AE54A /* Base in Resources */,
				9886182A2BF318AA002ACB4E /* GoogleService-Info.plist in Resources */,
			);
			runOnlyForDeploymentPostprocessing = 0;
		};
/* End PBXResourcesBuildPhase section */

/* Begin PBXSourcesBuildPhase section */
		82BE45502BEFA947007AE54A /* Sources */ = {
			isa = PBXSourcesBuildPhase;
			buildActionMask = 2147483647;
			files = (
				822E06B92BF1EEED00636CCC /* UserLocationDelegate.swift in Sources */,
				822E06B62BF1EC2500636CCC /* LocationService.swift in Sources */,
				821C00AE2BF73DB900B1C022 /* Record.swift in Sources */,
				988618172BF317EE002ACB4E /* UIImage+.swift in Sources */,
				9898034B2BF5F14200F5DFBD /* AgreementInputView.swift in Sources */,
				9886183A2BF4FFEB002ACB4E /* MainButton.swift in Sources */,
				61B0DECA2BF8F950009E360B /* CourseMapVC.swift in Sources */,
				6193AD182BF34C9C00C59D43 /* CourseRegisterVC.swift in Sources */,
				82BE457F2BEFB0E4007AE54A /* RunningMateVC.swift in Sources */,
				82BE45812BEFB128007AE54A /* MyChatListVC.swift in Sources */,
				988618332BF34AE0002ACB4E /* User.swift in Sources */,
				61B8F98E2BF1D502005F0728 /* CourseDrawingMapVC.swift in Sources */,
				82BE45832BEFB137007AE54A /* MyProfileVC.swift in Sources */,
				61B0DED22BFA668F009E360B /* SearchVC.swift in Sources */,
				8280D26F2BF12BD2002CB7DD /* LoginVC.swift in Sources */,
				98AB544B2BF71B790047310A /* ProfilePublicView.swift in Sources */,
				82BE457C2BEFB0A0007AE54A /* RunningHomeVC.swift in Sources */,
				82BE45582BEFA947007AE54A /* AppDelegate.swift in Sources */,
				821C00B22BF7410400B1C022 /* RunTrackingManager.swift in Sources */,
				61B0DED02BFA54AB009E360B /* MatePeopleListCell.swift in Sources */,
				98887F8E2BFDBDCB006F929E /* ImageCacheManager.swift in Sources */,
				8280D26D2BF12945002CB7DD /* RunActivityVC.swift in Sources */,
				8280D2752BF137E2002CB7DD /* RunningResultVC.swift in Sources */,
				988618302BF348C8002ACB4E /* AuthService.swift in Sources */,
				9866E6182BFB63ED0031E8B6 /* SplashView.swift in Sources */,
				98AB54492BF71B620047310A /* ProfilePictureInputView.swift in Sources */,
				82707D0F2BF72BD40038E4A7 /* Haptic.swift in Sources */,
				61B0DEC82BF74D5C009E360B /* CourseDetailVC.swift in Sources */,
				82BE455A2BEFA948007AE54A /* SceneDelegate.swift in Sources */,
				82BE45852BEFB77C007AE54A /* CustomTabBarVC.swift in Sources */,
				988618382BF37E81002ACB4E /* SignUpVC.swift in Sources */,
				98AB54472BF71B390047310A /* NicknameInputView.swift in Sources */,
				61B0DECE2BF92174009E360B /* MateViewCell.swift in Sources */,
			);
			runOnlyForDeploymentPostprocessing = 0;
		};
/* End PBXSourcesBuildPhase section */

/* Begin PBXVariantGroup section */
		82BE455D2BEFA948007AE54A /* Main.storyboard */ = {
			isa = PBXVariantGroup;
			children = (
				82BE455E2BEFA948007AE54A /* Base */,
			);
			name = Main.storyboard;
			sourceTree = "<group>";
		};
		82BE45622BEFA94A007AE54A /* LaunchScreen.storyboard */ = {
			isa = PBXVariantGroup;
			children = (
				82BE45632BEFA94A007AE54A /* Base */,
			);
			name = LaunchScreen.storyboard;
			sourceTree = "<group>";
		};
/* End PBXVariantGroup section */

/* Begin XCBuildConfiguration section */
		82BE45662BEFA94A007AE54A /* Debug */ = {
			isa = XCBuildConfiguration;
			baseConfigurationReference = 9885ACFB2BF9E92300367991 /* Config.xcconfig */;
			buildSettings = {
				ALWAYS_SEARCH_USER_PATHS = NO;
				ASSETCATALOG_COMPILER_GENERATE_SWIFT_ASSET_SYMBOL_EXTENSIONS = YES;
				CLANG_ANALYZER_LOCALIZABILITY_NONLOCALIZED = YES;
				CLANG_ANALYZER_NONNULL = YES;
				CLANG_ANALYZER_NUMBER_OBJECT_CONVERSION = YES_AGGRESSIVE;
				CLANG_CXX_LANGUAGE_STANDARD = "gnu++20";
				CLANG_ENABLE_MODULES = YES;
				CLANG_ENABLE_OBJC_ARC = YES;
				CLANG_ENABLE_OBJC_WEAK = YES;
				CLANG_WARN_BLOCK_CAPTURE_AUTORELEASING = YES;
				CLANG_WARN_BOOL_CONVERSION = YES;
				CLANG_WARN_COMMA = YES;
				CLANG_WARN_CONSTANT_CONVERSION = YES;
				CLANG_WARN_DEPRECATED_OBJC_IMPLEMENTATIONS = YES;
				CLANG_WARN_DIRECT_OBJC_ISA_USAGE = YES_ERROR;
				CLANG_WARN_DOCUMENTATION_COMMENTS = YES;
				CLANG_WARN_EMPTY_BODY = YES;
				CLANG_WARN_ENUM_CONVERSION = YES;
				CLANG_WARN_INFINITE_RECURSION = YES;
				CLANG_WARN_INT_CONVERSION = YES;
				CLANG_WARN_NON_LITERAL_NULL_CONVERSION = YES;
				CLANG_WARN_OBJC_IMPLICIT_RETAIN_SELF = YES;
				CLANG_WARN_OBJC_LITERAL_CONVERSION = YES;
				CLANG_WARN_OBJC_ROOT_CLASS = YES_ERROR;
				CLANG_WARN_QUOTED_INCLUDE_IN_FRAMEWORK_HEADER = YES;
				CLANG_WARN_RANGE_LOOP_ANALYSIS = YES;
				CLANG_WARN_STRICT_PROTOTYPES = YES;
				CLANG_WARN_SUSPICIOUS_MOVE = YES;
				CLANG_WARN_UNGUARDED_AVAILABILITY = YES_AGGRESSIVE;
				CLANG_WARN_UNREACHABLE_CODE = YES;
				CLANG_WARN__DUPLICATE_METHOD_MATCH = YES;
				COPY_PHASE_STRIP = NO;
				DEBUG_INFORMATION_FORMAT = dwarf;
				ENABLE_STRICT_OBJC_MSGSEND = YES;
				ENABLE_TESTABILITY = YES;
				ENABLE_USER_SCRIPT_SANDBOXING = YES;
				GCC_C_LANGUAGE_STANDARD = gnu17;
				GCC_DYNAMIC_NO_PIC = NO;
				GCC_NO_COMMON_BLOCKS = YES;
				GCC_OPTIMIZATION_LEVEL = 0;
				GCC_PREPROCESSOR_DEFINITIONS = (
					"DEBUG=1",
					"$(inherited)",
				);
				GCC_WARN_64_TO_32_BIT_CONVERSION = YES;
				GCC_WARN_ABOUT_RETURN_TYPE = YES_ERROR;
				GCC_WARN_UNDECLARED_SELECTOR = YES;
				GCC_WARN_UNINITIALIZED_AUTOS = YES_AGGRESSIVE;
				GCC_WARN_UNUSED_FUNCTION = YES;
				GCC_WARN_UNUSED_VARIABLE = YES;
				IPHONEOS_DEPLOYMENT_TARGET = 17.4;
				LOCALIZATION_PREFERS_STRING_CATALOGS = YES;
				MTL_ENABLE_DEBUG_INFO = INCLUDE_SOURCE;
				MTL_FAST_MATH = YES;
				ONLY_ACTIVE_ARCH = YES;
				SDKROOT = iphoneos;
				SWIFT_ACTIVE_COMPILATION_CONDITIONS = "DEBUG $(inherited)";
				SWIFT_OPTIMIZATION_LEVEL = "-Onone";
			};
			name = Debug;
		};
		82BE45672BEFA94A007AE54A /* Release */ = {
			isa = XCBuildConfiguration;
			baseConfigurationReference = 9885ACFB2BF9E92300367991 /* Config.xcconfig */;
			buildSettings = {
				ALWAYS_SEARCH_USER_PATHS = NO;
				ASSETCATALOG_COMPILER_GENERATE_SWIFT_ASSET_SYMBOL_EXTENSIONS = YES;
				CLANG_ANALYZER_LOCALIZABILITY_NONLOCALIZED = YES;
				CLANG_ANALYZER_NONNULL = YES;
				CLANG_ANALYZER_NUMBER_OBJECT_CONVERSION = YES_AGGRESSIVE;
				CLANG_CXX_LANGUAGE_STANDARD = "gnu++20";
				CLANG_ENABLE_MODULES = YES;
				CLANG_ENABLE_OBJC_ARC = YES;
				CLANG_ENABLE_OBJC_WEAK = YES;
				CLANG_WARN_BLOCK_CAPTURE_AUTORELEASING = YES;
				CLANG_WARN_BOOL_CONVERSION = YES;
				CLANG_WARN_COMMA = YES;
				CLANG_WARN_CONSTANT_CONVERSION = YES;
				CLANG_WARN_DEPRECATED_OBJC_IMPLEMENTATIONS = YES;
				CLANG_WARN_DIRECT_OBJC_ISA_USAGE = YES_ERROR;
				CLANG_WARN_DOCUMENTATION_COMMENTS = YES;
				CLANG_WARN_EMPTY_BODY = YES;
				CLANG_WARN_ENUM_CONVERSION = YES;
				CLANG_WARN_INFINITE_RECURSION = YES;
				CLANG_WARN_INT_CONVERSION = YES;
				CLANG_WARN_NON_LITERAL_NULL_CONVERSION = YES;
				CLANG_WARN_OBJC_IMPLICIT_RETAIN_SELF = YES;
				CLANG_WARN_OBJC_LITERAL_CONVERSION = YES;
				CLANG_WARN_OBJC_ROOT_CLASS = YES_ERROR;
				CLANG_WARN_QUOTED_INCLUDE_IN_FRAMEWORK_HEADER = YES;
				CLANG_WARN_RANGE_LOOP_ANALYSIS = YES;
				CLANG_WARN_STRICT_PROTOTYPES = YES;
				CLANG_WARN_SUSPICIOUS_MOVE = YES;
				CLANG_WARN_UNGUARDED_AVAILABILITY = YES_AGGRESSIVE;
				CLANG_WARN_UNREACHABLE_CODE = YES;
				CLANG_WARN__DUPLICATE_METHOD_MATCH = YES;
				COPY_PHASE_STRIP = NO;
				DEBUG_INFORMATION_FORMAT = "dwarf-with-dsym";
				ENABLE_NS_ASSERTIONS = NO;
				ENABLE_STRICT_OBJC_MSGSEND = YES;
				ENABLE_USER_SCRIPT_SANDBOXING = YES;
				GCC_C_LANGUAGE_STANDARD = gnu17;
				GCC_NO_COMMON_BLOCKS = YES;
				GCC_WARN_64_TO_32_BIT_CONVERSION = YES;
				GCC_WARN_ABOUT_RETURN_TYPE = YES_ERROR;
				GCC_WARN_UNDECLARED_SELECTOR = YES;
				GCC_WARN_UNINITIALIZED_AUTOS = YES_AGGRESSIVE;
				GCC_WARN_UNUSED_FUNCTION = YES;
				GCC_WARN_UNUSED_VARIABLE = YES;
				IPHONEOS_DEPLOYMENT_TARGET = 17.4;
				LOCALIZATION_PREFERS_STRING_CATALOGS = YES;
				MTL_ENABLE_DEBUG_INFO = NO;
				MTL_FAST_MATH = YES;
				SDKROOT = iphoneos;
				SWIFT_COMPILATION_MODE = wholemodule;
				VALIDATE_PRODUCT = YES;
			};
			name = Release;
		};
		82BE45692BEFA94A007AE54A /* Debug */ = {
			isa = XCBuildConfiguration;
			baseConfigurationReference = 9885ACFB2BF9E92300367991 /* Config.xcconfig */;
			buildSettings = {
				ASSETCATALOG_COMPILER_APPICON_NAME = AppIcon;
				ASSETCATALOG_COMPILER_GLOBAL_ACCENT_COLOR_NAME = AccentColor;
				CODE_SIGN_ENTITLEMENTS = "TrackUs-iOS/TrackUs-iOS.entitlements";
				"CODE_SIGN_IDENTITY[sdk=iphoneos*]" = "iPhone Developer";
				CODE_SIGN_STYLE = Manual;
				CURRENT_PROJECT_VERSION = 1;
				DEVELOPMENT_TEAM = "";
				"DEVELOPMENT_TEAM[sdk=iphoneos*]" = 4N3558QY8F;
				GENERATE_INFOPLIST_FILE = YES;
				INFOPLIST_FILE = "TrackUs-iOS/Info.plist";
				INFOPLIST_KEY_LSApplicationCategoryType = "public.app-category.healthcare-fitness";
				INFOPLIST_KEY_NSLocationAlwaysAndWhenInUseUsageDescription = "앱을 이용하려면 위치정보 접근 권한이 필요합니다.";
				INFOPLIST_KEY_NSLocationWhenInUseUsageDescription = "앱을 이용하려면 위치정보 접근 권한이 필요합니다.";
				INFOPLIST_KEY_UIApplicationSupportsIndirectInputEvents = YES;
				INFOPLIST_KEY_UILaunchStoryboardName = LaunchScreen;
				INFOPLIST_KEY_UIMainStoryboardFile = Main;
				INFOPLIST_KEY_UISupportedInterfaceOrientations = UIInterfaceOrientationPortrait;
				INFOPLIST_KEY_UISupportedInterfaceOrientations_iPad = "UIInterfaceOrientationLandscapeLeft UIInterfaceOrientationLandscapeRight UIInterfaceOrientationPortrait UIInterfaceOrientationPortraitUpsideDown";
				IPHONEOS_DEPLOYMENT_TARGET = 15.0;
				LD_RUNPATH_SEARCH_PATHS = (
					"$(inherited)",
					"@executable_path/Frameworks",
				);
				MARKETING_VERSION = 1.0;
				PRODUCT_BUNDLE_IDENTIFIER = com.Trackus.app;
				PRODUCT_NAME = "$(TARGET_NAME)";
				PROVISIONING_PROFILE_SPECIFIER = "";
				"PROVISIONING_PROFILE_SPECIFIER[sdk=iphoneos*]" = TrackUs_Uikit_Development;
				SUPPORTED_PLATFORMS = "iphoneos iphonesimulator";
				SUPPORTS_MACCATALYST = NO;
				SUPPORTS_MAC_DESIGNED_FOR_IPHONE_IPAD = NO;
				SUPPORTS_XR_DESIGNED_FOR_IPHONE_IPAD = NO;
				SWIFT_EMIT_LOC_STRINGS = YES;
				SWIFT_VERSION = 5.0;
				TARGETED_DEVICE_FAMILY = 1;
			};
			name = Debug;
		};
		82BE456A2BEFA94A007AE54A /* Release */ = {
			isa = XCBuildConfiguration;
			baseConfigurationReference = 9885ACFB2BF9E92300367991 /* Config.xcconfig */;
			buildSettings = {
				ASSETCATALOG_COMPILER_APPICON_NAME = AppIcon;
				ASSETCATALOG_COMPILER_GLOBAL_ACCENT_COLOR_NAME = AccentColor;
				CODE_SIGN_ENTITLEMENTS = "TrackUs-iOS/TrackUs-iOS.entitlements";
				"CODE_SIGN_IDENTITY[sdk=iphoneos*]" = "iPhone Developer";
				CODE_SIGN_STYLE = Manual;
				CURRENT_PROJECT_VERSION = 1;
				DEVELOPMENT_TEAM = "";
				"DEVELOPMENT_TEAM[sdk=iphoneos*]" = 4N3558QY8F;
				GENERATE_INFOPLIST_FILE = YES;
				INFOPLIST_FILE = "TrackUs-iOS/Info.plist";
				INFOPLIST_KEY_LSApplicationCategoryType = "public.app-category.healthcare-fitness";
				INFOPLIST_KEY_NSLocationAlwaysAndWhenInUseUsageDescription = "앱을 이용하려면 위치정보 접근 권한이 필요합니다.";
				INFOPLIST_KEY_NSLocationWhenInUseUsageDescription = "앱을 이용하려면 위치정보 접근 권한이 필요합니다.";
				INFOPLIST_KEY_UIApplicationSupportsIndirectInputEvents = YES;
				INFOPLIST_KEY_UILaunchStoryboardName = LaunchScreen;
				INFOPLIST_KEY_UIMainStoryboardFile = Main;
				INFOPLIST_KEY_UISupportedInterfaceOrientations = UIInterfaceOrientationPortrait;
				INFOPLIST_KEY_UISupportedInterfaceOrientations_iPad = "UIInterfaceOrientationLandscapeLeft UIInterfaceOrientationLandscapeRight UIInterfaceOrientationPortrait UIInterfaceOrientationPortraitUpsideDown";
				IPHONEOS_DEPLOYMENT_TARGET = 15.0;
				LD_RUNPATH_SEARCH_PATHS = (
					"$(inherited)",
					"@executable_path/Frameworks",
				);
				MARKETING_VERSION = 1.0;
				PRODUCT_BUNDLE_IDENTIFIER = com.Trackus.app;
				PRODUCT_NAME = "$(TARGET_NAME)";
				PROVISIONING_PROFILE_SPECIFIER = "";
				"PROVISIONING_PROFILE_SPECIFIER[sdk=iphoneos*]" = TrackUs_Uikit_Development;
				SUPPORTED_PLATFORMS = "iphoneos iphonesimulator";
				SUPPORTS_MACCATALYST = NO;
				SUPPORTS_MAC_DESIGNED_FOR_IPHONE_IPAD = NO;
				SUPPORTS_XR_DESIGNED_FOR_IPHONE_IPAD = NO;
				SWIFT_EMIT_LOC_STRINGS = YES;
				SWIFT_VERSION = 5.0;
				TARGETED_DEVICE_FAMILY = 1;
			};
			name = Release;
		};
/* End XCBuildConfiguration section */

/* Begin XCConfigurationList section */
		82BE454F2BEFA947007AE54A /* Build configuration list for PBXProject "TrackUs-iOS" */ = {
			isa = XCConfigurationList;
			buildConfigurations = (
				82BE45662BEFA94A007AE54A /* Debug */,
				82BE45672BEFA94A007AE54A /* Release */,
			);
			defaultConfigurationIsVisible = 0;
			defaultConfigurationName = Release;
		};
		82BE45682BEFA94A007AE54A /* Build configuration list for PBXNativeTarget "TrackUs-iOS" */ = {
			isa = XCConfigurationList;
			buildConfigurations = (
				82BE45692BEFA94A007AE54A /* Debug */,
				82BE456A2BEFA94A007AE54A /* Release */,
			);
			defaultConfigurationIsVisible = 0;
			defaultConfigurationName = Release;
		};
/* End XCConfigurationList section */

/* Begin XCRemoteSwiftPackageReference section */
		9885ACF22BF9E8AA00367991 /* XCRemoteSwiftPackageReference "kakao-ios-sdk" */ = {
			isa = XCRemoteSwiftPackageReference;
			repositoryURL = "https://github.com/kakao/kakao-ios-sdk";
			requirement = {
				kind = upToNextMajorVersion;
				minimumVersion = 2.22.2;
			};
		};
		988618182BF31874002ACB4E /* XCRemoteSwiftPackageReference "firebase-ios-sdk" */ = {
			isa = XCRemoteSwiftPackageReference;
			repositoryURL = "https://github.com/firebase/firebase-ios-sdk";
			requirement = {
				kind = upToNextMajorVersion;
				minimumVersion = 10.26.0;
			};
		};
/* End XCRemoteSwiftPackageReference section */

/* Begin XCSwiftPackageProductDependency section */
		9885ACF32BF9E8AA00367991 /* KakaoSDK */ = {
			isa = XCSwiftPackageProductDependency;
			package = 9885ACF22BF9E8AA00367991 /* XCRemoteSwiftPackageReference "kakao-ios-sdk" */;
			productName = KakaoSDK;
		};
		9885ACF52BF9E8AA00367991 /* KakaoSDKAuth */ = {
			isa = XCSwiftPackageProductDependency;
			package = 9885ACF22BF9E8AA00367991 /* XCRemoteSwiftPackageReference "kakao-ios-sdk" */;
			productName = KakaoSDKAuth;
		};
		9885ACF72BF9E8AA00367991 /* KakaoSDKCommon */ = {
			isa = XCSwiftPackageProductDependency;
			package = 9885ACF22BF9E8AA00367991 /* XCRemoteSwiftPackageReference "kakao-ios-sdk" */;
			productName = KakaoSDKCommon;
		};
		9885ACF92BF9E8AA00367991 /* KakaoSDKUser */ = {
			isa = XCSwiftPackageProductDependency;
			package = 9885ACF22BF9E8AA00367991 /* XCRemoteSwiftPackageReference "kakao-ios-sdk" */;
			productName = KakaoSDKUser;
		};
		988618192BF31874002ACB4E /* FirebaseAuth */ = {
			isa = XCSwiftPackageProductDependency;
			package = 988618182BF31874002ACB4E /* XCRemoteSwiftPackageReference "firebase-ios-sdk" */;
			productName = FirebaseAuth;
		};
		9886181B2BF31874002ACB4E /* FirebaseAuthCombine-Community */ = {
			isa = XCSwiftPackageProductDependency;
			package = 988618182BF31874002ACB4E /* XCRemoteSwiftPackageReference "firebase-ios-sdk" */;
			productName = "FirebaseAuthCombine-Community";
		};
		9886181D2BF31874002ACB4E /* FirebaseFirestore */ = {
			isa = XCSwiftPackageProductDependency;
			package = 988618182BF31874002ACB4E /* XCRemoteSwiftPackageReference "firebase-ios-sdk" */;
			productName = FirebaseFirestore;
		};
		9886181F2BF31874002ACB4E /* FirebaseFirestoreCombine-Community */ = {
			isa = XCSwiftPackageProductDependency;
			package = 988618182BF31874002ACB4E /* XCRemoteSwiftPackageReference "firebase-ios-sdk" */;
			productName = "FirebaseFirestoreCombine-Community";
		};
		988618212BF31874002ACB4E /* FirebaseFirestoreSwift */ = {
			isa = XCSwiftPackageProductDependency;
			package = 988618182BF31874002ACB4E /* XCRemoteSwiftPackageReference "firebase-ios-sdk" */;
			productName = FirebaseFirestoreSwift;
		};
		988618232BF31874002ACB4E /* FirebaseMessaging */ = {
			isa = XCSwiftPackageProductDependency;
			package = 988618182BF31874002ACB4E /* XCRemoteSwiftPackageReference "firebase-ios-sdk" */;
			productName = FirebaseMessaging;
		};
		988618252BF31874002ACB4E /* FirebaseStorage */ = {
			isa = XCSwiftPackageProductDependency;
			package = 988618182BF31874002ACB4E /* XCRemoteSwiftPackageReference "firebase-ios-sdk" */;
			productName = FirebaseStorage;
		};
		988618272BF31874002ACB4E /* FirebaseStorageCombine-Community */ = {
			isa = XCSwiftPackageProductDependency;
			package = 988618182BF31874002ACB4E /* XCRemoteSwiftPackageReference "firebase-ios-sdk" */;
			productName = "FirebaseStorageCombine-Community";
		};
/* End XCSwiftPackageProductDependency section */
	};
	rootObject = 82BE454C2BEFA947007AE54A /* Project object */;
}
