// !$*UTF8*$!
{
	archiveVersion = 1;
	classes = {
	};
	objectVersion = 56;
	objects = {

/* Begin PBXBuildFile section */
		610F3C732C1C34E800DF0744 /* NetworkService.swift in Sources */ = {isa = PBXBuildFile; fileRef = 610F3C722C1C34E800DF0744 /* NetworkService.swift */; };
		6140CCFA2C15686500094202 /* RunningMapCell.swift in Sources */ = {isa = PBXBuildFile; fileRef = 6140CCF92C15686500094202 /* RunningMapCell.swift */; };
		615ADADC2C04D45D005CAC75 /* Main.storyboard in Resources */ = {isa = PBXBuildFile; fileRef = 82BE455D2BEFA948007AE54A /* Main.storyboard */; };
		615ADAE22C07802B005CAC75 /* RefreshView.swift in Sources */ = {isa = PBXBuildFile; fileRef = 615ADAE12C07802B005CAC75 /* RefreshView.swift */; };
		615ADAE42C086F18005CAC75 /* LoadingView.swift in Sources */ = {isa = PBXBuildFile; fileRef = 615ADAE32C086F18005CAC75 /* LoadingView.swift */; };
		61625E382BFE6EE500E6D1F3 /* Post.swift in Sources */ = {isa = PBXBuildFile; fileRef = 61625E372BFE6EE500E6D1F3 /* Post.swift */; };
		61625E3A2BFE75A500E6D1F3 /* PostService.swift in Sources */ = {isa = PBXBuildFile; fileRef = 61625E392BFE75A500E6D1F3 /* PostService.swift */; };
		61936F9A2C22A75800F4C372 /* AskService.swift in Sources */ = {isa = PBXBuildFile; fileRef = 61936F992C22A75800F4C372 /* AskService.swift */; };
		6193AD182BF34C9C00C59D43 /* CourseRegisterVC.swift in Sources */ = {isa = PBXBuildFile; fileRef = 6193AD172BF34C9C00C59D43 /* CourseRegisterVC.swift */; };
		61A51B0A2C0BB1EF00FEE7E3 /* MateDetailSkeletonView.swift in Sources */ = {isa = PBXBuildFile; fileRef = 61A51B092C0BB1EF00FEE7E3 /* MateDetailSkeletonView.swift */; };
		61A5B9352C219D7B00A71942 /* AskusVC.swift in Sources */ = {isa = PBXBuildFile; fileRef = 61A5B9342C219D7B00A71942 /* AskusVC.swift */; };
		61B0DEC82BF74D5C009E360B /* CourseDetailVC.swift in Sources */ = {isa = PBXBuildFile; fileRef = 61B0DEC72BF74D5C009E360B /* CourseDetailVC.swift */; };
		61B0DECA2BF8F950009E360B /* CourseMapVC.swift in Sources */ = {isa = PBXBuildFile; fileRef = 61B0DEC92BF8F950009E360B /* CourseMapVC.swift */; };
		61B0DECE2BF92174009E360B /* MateViewCell.swift in Sources */ = {isa = PBXBuildFile; fileRef = 61B0DECD2BF92174009E360B /* MateViewCell.swift */; };
		61B0DED02BFA54AB009E360B /* MatePeopleListCell.swift in Sources */ = {isa = PBXBuildFile; fileRef = 61B0DECF2BFA54AB009E360B /* MatePeopleListCell.swift */; };
		61B0DED22BFA668F009E360B /* SearchVC.swift in Sources */ = {isa = PBXBuildFile; fileRef = 61B0DED12BFA668F009E360B /* SearchVC.swift */; };
		61B5A00B2C1076B4004FF238 /* ReportPostVC.swift in Sources */ = {isa = PBXBuildFile; fileRef = 61B5A00A2C1076B4004FF238 /* ReportPostVC.swift */; };
		61B8F98E2BF1D502005F0728 /* CourseDrawingMapVC.swift in Sources */ = {isa = PBXBuildFile; fileRef = 61B8F98D2BF1D502005F0728 /* CourseDrawingMapVC.swift */; };
		820069122C10838B009FDA6C /* StickerCollectionVC.swift in Sources */ = {isa = PBXBuildFile; fileRef = 820069112C10838B009FDA6C /* StickerCollectionVC.swift */; };
		820069142C10BA3F009FDA6C /* DataCollectionVC.swift in Sources */ = {isa = PBXBuildFile; fileRef = 820069132C10BA3F009FDA6C /* DataCollectionVC.swift */; };
		820069162C10BD86009FDA6C /* DataCollectionCell.swift in Sources */ = {isa = PBXBuildFile; fileRef = 820069152C10BD86009FDA6C /* DataCollectionCell.swift */; };
		82159C912C1887BB0054B684 /* WidgetManager.swift in Sources */ = {isa = PBXBuildFile; fileRef = 82159C902C1887BB0054B684 /* WidgetManager.swift */; };
		822E06B62BF1EC2500636CCC /* LocationService.swift in Sources */ = {isa = PBXBuildFile; fileRef = 822E06B52BF1EC2500636CCC /* LocationService.swift */; };
		822E06B92BF1EEED00636CCC /* UserLocationDelegate.swift in Sources */ = {isa = PBXBuildFile; fileRef = 822E06B82BF1EEED00636CCC /* UserLocationDelegate.swift */; };
		823E7A4A2C13452000EFA983 /* StickerCollectionCell.swift in Sources */ = {isa = PBXBuildFile; fileRef = 823E7A492C13451F00EFA983 /* StickerCollectionCell.swift */; };
		82596A8A2C034CAC00DA6C70 /* CoreMotion.swift in Sources */ = {isa = PBXBuildFile; fileRef = 82596A892C034CAC00DA6C70 /* CoreMotion.swift */; };
		826248192BFB4D9B0028C221 /* Running.swift in Sources */ = {isa = PBXBuildFile; fileRef = 826248182BFB4D9B0028C221 /* Running.swift */; };
		826922E32C045B8B00D506C2 /* RunInfoCell.swift in Sources */ = {isa = PBXBuildFile; fileRef = 826922E22C045B8B00D506C2 /* RunInfoCell.swift */; };
		826922E52C04664000D506C2 /* RunInfoModel.swift in Sources */ = {isa = PBXBuildFile; fileRef = 826922E42C04664000D506C2 /* RunInfoModel.swift */; };
		826922E72C0487B100D506C2 /* RunTrackingVC.swift in Sources */ = {isa = PBXBuildFile; fileRef = 826922E62C0487B100D506C2 /* RunTrackingVC.swift */; };
		826922E92C04959900D506C2 /* RunInfoDetailVC.swift in Sources */ = {isa = PBXBuildFile; fileRef = 826922E82C04959900D506C2 /* RunInfoDetailVC.swift */; };
		82707D0F2BF72BD40038E4A7 /* Haptic.swift in Sources */ = {isa = PBXBuildFile; fileRef = 82707D0E2BF72BD40038E4A7 /* Haptic.swift */; };
		827F97322C0DB7C700DAD821 /* WidgetKit.framework in Frameworks */ = {isa = PBXBuildFile; fileRef = 827F97312C0DB7C700DAD821 /* WidgetKit.framework */; };
		827F97342C0DB7C700DAD821 /* SwiftUI.framework in Frameworks */ = {isa = PBXBuildFile; fileRef = 827F97332C0DB7C700DAD821 /* SwiftUI.framework */; };
		827F97372C0DB7C700DAD821 /* WidgetTestBundle.swift in Sources */ = {isa = PBXBuildFile; fileRef = 827F97362C0DB7C700DAD821 /* WidgetTestBundle.swift */; };
		827F973B2C0DB7C700DAD821 /* WidgetTest.swift in Sources */ = {isa = PBXBuildFile; fileRef = 827F973A2C0DB7C700DAD821 /* WidgetTest.swift */; };
		827F973D2C0DB7C700DAD821 /* AppIntent.swift in Sources */ = {isa = PBXBuildFile; fileRef = 827F973C2C0DB7C700DAD821 /* AppIntent.swift */; };
		827F973F2C0DB7C900DAD821 /* Assets.xcassets in Resources */ = {isa = PBXBuildFile; fileRef = 827F973E2C0DB7C900DAD821 /* Assets.xcassets */; };
		827F97432C0DB7C900DAD821 /* WidgetTestExtension.appex in Embed Foundation Extensions */ = {isa = PBXBuildFile; fileRef = 827F972F2C0DB7C700DAD821 /* WidgetTestExtension.appex */; settings = {ATTRIBUTES = (RemoveHeadersOnCopy, ); }; };
		827F97482C0DB85200DAD821 /* WidgetAttribute.swift in Sources */ = {isa = PBXBuildFile; fileRef = 827F97472C0DB85200DAD821 /* WidgetAttribute.swift */; };
		827F974A2C0DB87400DAD821 /* WidgetAttribute.swift in Sources */ = {isa = PBXBuildFile; fileRef = 827F97472C0DB85200DAD821 /* WidgetAttribute.swift */; };
		8280D26F2BF12BD2002CB7DD /* LoginVC.swift in Sources */ = {isa = PBXBuildFile; fileRef = 8280D26E2BF12BD2002CB7DD /* LoginVC.swift */; };
		8280D2752BF137E2002CB7DD /* RunningResultVC.swift in Sources */ = {isa = PBXBuildFile; fileRef = 8280D2742BF137E2002CB7DD /* RunningResultVC.swift */; };
		82ABF3792C10184A002B25CE /* SelectePhotoVC.swift in Sources */ = {isa = PBXBuildFile; fileRef = 82ABF3782C10184A002B25CE /* SelectePhotoVC.swift */; };
		82ABF39B2C1039D7002B25CE /* PhotoEditVC.swift in Sources */ = {isa = PBXBuildFile; fileRef = 82ABF39A2C1039D7002B25CE /* PhotoEditVC.swift */; };
		82BE45582BEFA947007AE54A /* AppDelegate.swift in Sources */ = {isa = PBXBuildFile; fileRef = 82BE45572BEFA947007AE54A /* AppDelegate.swift */; };
		82BE455A2BEFA948007AE54A /* SceneDelegate.swift in Sources */ = {isa = PBXBuildFile; fileRef = 82BE45592BEFA948007AE54A /* SceneDelegate.swift */; };
		82BE45612BEFA94A007AE54A /* Assets.xcassets in Resources */ = {isa = PBXBuildFile; fileRef = 82BE45602BEFA94A007AE54A /* Assets.xcassets */; };
		82BE457C2BEFB0A0007AE54A /* RunningHomeVC.swift in Sources */ = {isa = PBXBuildFile; fileRef = 82BE457B2BEFB0A0007AE54A /* RunningHomeVC.swift */; };
		82BE457F2BEFB0E4007AE54A /* RunningMateVC.swift in Sources */ = {isa = PBXBuildFile; fileRef = 82BE457E2BEFB0E4007AE54A /* RunningMateVC.swift */; };
		82BE45812BEFB128007AE54A /* ChatListVC.swift in Sources */ = {isa = PBXBuildFile; fileRef = 82BE45802BEFB128007AE54A /* ChatListVC.swift */; };
		82BE45832BEFB137007AE54A /* MyProfileVC.swift in Sources */ = {isa = PBXBuildFile; fileRef = 82BE45822BEFB137007AE54A /* MyProfileVC.swift */; };
		82BE45852BEFB77C007AE54A /* CustomTabBarVC.swift in Sources */ = {isa = PBXBuildFile; fileRef = 82BE45842BEFB77C007AE54A /* CustomTabBarVC.swift */; };
		82C214642C0639DE00D15993 /* MapResultVC.swift in Sources */ = {isa = PBXBuildFile; fileRef = 82C214632C0639DE00D15993 /* MapResultVC.swift */; };
		82C38AC92BFCA187004819C1 /* String+.swift in Sources */ = {isa = PBXBuildFile; fileRef = 82C38AC82BFCA187004819C1 /* String+.swift */; };
		82C38ACB2BFCA18E004819C1 /* Int+.swift in Sources */ = {isa = PBXBuildFile; fileRef = 82C38ACA2BFCA18E004819C1 /* Int+.swift */; };
		82C38ACF2BFCA57B004819C1 /* Array+.swift in Sources */ = {isa = PBXBuildFile; fileRef = 82C38ACE2BFCA57B004819C1 /* Array+.swift */; };
		82C38AD12BFCE0C4004819C1 /* CoreLocation.swift in Sources */ = {isa = PBXBuildFile; fileRef = 82C38AD02BFCE0C4004819C1 /* CoreLocation.swift */; };
		82C38AD32BFCE445004819C1 /* Double+.swift in Sources */ = {isa = PBXBuildFile; fileRef = 82C38AD22BFCE445004819C1 /* Double+.swift */; };
		82D845922C0E0B7900313CA2 /* WidgetTestLiveActivity.swift in Sources */ = {isa = PBXBuildFile; fileRef = 82D845912C0E0B7900313CA2 /* WidgetTestLiveActivity.swift */; };
		82D845932C0E0BA200313CA2 /* WidgetTestLiveActivity.swift in Sources */ = {isa = PBXBuildFile; fileRef = 82D845912C0E0B7900313CA2 /* WidgetTestLiveActivity.swift */; };
		82E7638B2C087C220078E5C9 /* MyMapView.swift in Sources */ = {isa = PBXBuildFile; fileRef = 82E7638A2C087C220078E5C9 /* MyMapView.swift */; };
		9664CA3F2C196C8000035168 /* report_user.swift in Sources */ = {isa = PBXBuildFile; fileRef = 9664CA3E2C196C8000035168 /* report_user.swift */; };
		9664CA4B2C20045D00035168 /* ProfileRecordsCell.swift in Sources */ = {isa = PBXBuildFile; fileRef = 9664CA4A2C20045D00035168 /* ProfileRecordsCell.swift */; };
		967D829B2C0CAD6E00CC1F2A /* RecordService.swift in Sources */ = {isa = PBXBuildFile; fileRef = 967D829A2C0CAD6E00CC1F2A /* RecordService.swift */; };
		96AC57342C059CAA00F1A73C /* WithdrawalVC.swift in Sources */ = {isa = PBXBuildFile; fileRef = 96AC57332C059CAA00F1A73C /* WithdrawalVC.swift */; };
		96AC57362C059CC700F1A73C /* SettingVC.swift in Sources */ = {isa = PBXBuildFile; fileRef = 96AC57352C059CC700F1A73C /* SettingVC.swift */; };
		96AC57382C059CDC00F1A73C /* MyProfileEditVC.swift in Sources */ = {isa = PBXBuildFile; fileRef = 96AC57372C059CDC00F1A73C /* MyProfileEditVC.swift */; };
		96AC573C2C059CFF00F1A73C /* CalendarVC.swift in Sources */ = {isa = PBXBuildFile; fileRef = 96AC573B2C059CFF00F1A73C /* CalendarVC.swift */; };
		96AC573E2C059D1700F1A73C /* OtherProfileVC.swift in Sources */ = {isa = PBXBuildFile; fileRef = 96AC573D2C059D1700F1A73C /* OtherProfileVC.swift */; };
		96D43F9E2C0CAE530059C377 /* ImageUploader.swift in Sources */ = {isa = PBXBuildFile; fileRef = 96D43F9D2C0CAE530059C377 /* ImageUploader.swift */; };
		96D43FA02C0CD2D90059C377 /* UserListVC.swift in Sources */ = {isa = PBXBuildFile; fileRef = 96D43F9F2C0CD2D90059C377 /* UserListVC.swift */; };
		96D43FA22C0D8CEB0059C377 /* ReportUserVC.swift in Sources */ = {isa = PBXBuildFile; fileRef = 96D43FA12C0D8CEB0059C377 /* ReportUserVC.swift */; };
		984EF3572C16929B0004CB9A /* SideMenuVC.swift in Sources */ = {isa = PBXBuildFile; fileRef = 984EF3562C16929B0004CB9A /* SideMenuVC.swift */; };
		98601D582C07103E0056E407 /* Chat.swift in Sources */ = {isa = PBXBuildFile; fileRef = 98601D572C07103E0056E407 /* Chat.swift */; };
		98601D5D2C07219A0056E407 /* ChatRoomCell.swift in Sources */ = {isa = PBXBuildFile; fileRef = 98601D5C2C07219A0056E407 /* ChatRoomCell.swift */; };
		9866E6182BFB63ED0031E8B6 /* SplashView.swift in Sources */ = {isa = PBXBuildFile; fileRef = 9866E6172BFB63ED0031E8B6 /* SplashView.swift */; };
		986AF1A72C0D86F6005E65EB /* ChatMessageCell.swift in Sources */ = {isa = PBXBuildFile; fileRef = 986AF1A62C0D86F6005E65EB /* ChatMessageCell.swift */; };
		987C0EB02C185DA2007767D5 /* GoogleService-Info.plist in Resources */ = {isa = PBXBuildFile; fileRef = 987C0EAF2C185DA2007767D5 /* GoogleService-Info.plist */; };
		987E2FE52C08548300B1970F /* ChatManager.swift in Sources */ = {isa = PBXBuildFile; fileRef = 987E2FE42C08548300B1970F /* ChatManager.swift */; };
		987E2FE72C0860D500B1970F /* ChatProfileImageView.swift in Sources */ = {isa = PBXBuildFile; fileRef = 987E2FE62C0860D500B1970F /* ChatProfileImageView.swift */; };
		987E2FE92C08645500B1970F /* Date+.swift in Sources */ = {isa = PBXBuildFile; fileRef = 987E2FE82C08645500B1970F /* Date+.swift */; };
		987F6F262C04D7F9004F6615 /* KakaoSDKCert in Frameworks */ = {isa = PBXBuildFile; productRef = 987F6F252C04D7F9004F6615 /* KakaoSDKCert */; };
		987F6F282C04D7F9004F6615 /* KakaoSDKCertCore in Frameworks */ = {isa = PBXBuildFile; productRef = 987F6F272C04D7F9004F6615 /* KakaoSDKCertCore */; };
		9885ACF42BF9E8AA00367991 /* KakaoSDK in Frameworks */ = {isa = PBXBuildFile; productRef = 9885ACF32BF9E8AA00367991 /* KakaoSDK */; };
		9885ACF62BF9E8AA00367991 /* KakaoSDKAuth in Frameworks */ = {isa = PBXBuildFile; productRef = 9885ACF52BF9E8AA00367991 /* KakaoSDKAuth */; };
		9885ACF82BF9E8AA00367991 /* KakaoSDKCommon in Frameworks */ = {isa = PBXBuildFile; productRef = 9885ACF72BF9E8AA00367991 /* KakaoSDKCommon */; };
		9885ACFA2BF9E8AA00367991 /* KakaoSDKUser in Frameworks */ = {isa = PBXBuildFile; productRef = 9885ACF92BF9E8AA00367991 /* KakaoSDKUser */; };
		988618172BF317EE002ACB4E /* UIImage+.swift in Sources */ = {isa = PBXBuildFile; fileRef = 988618162BF317EE002ACB4E /* UIImage+.swift */; };
		9886181A2BF31874002ACB4E /* FirebaseAuth in Frameworks */ = {isa = PBXBuildFile; productRef = 988618192BF31874002ACB4E /* FirebaseAuth */; };
		9886181C2BF31874002ACB4E /* FirebaseAuthCombine-Community in Frameworks */ = {isa = PBXBuildFile; productRef = 9886181B2BF31874002ACB4E /* FirebaseAuthCombine-Community */; };
		9886181E2BF31874002ACB4E /* FirebaseFirestore in Frameworks */ = {isa = PBXBuildFile; productRef = 9886181D2BF31874002ACB4E /* FirebaseFirestore */; };
		988618202BF31874002ACB4E /* FirebaseFirestoreCombine-Community in Frameworks */ = {isa = PBXBuildFile; productRef = 9886181F2BF31874002ACB4E /* FirebaseFirestoreCombine-Community */; };
		988618222BF31874002ACB4E /* FirebaseFirestoreSwift in Frameworks */ = {isa = PBXBuildFile; productRef = 988618212BF31874002ACB4E /* FirebaseFirestoreSwift */; };
		988618242BF31874002ACB4E /* FirebaseMessaging in Frameworks */ = {isa = PBXBuildFile; productRef = 988618232BF31874002ACB4E /* FirebaseMessaging */; };
		988618262BF31874002ACB4E /* FirebaseStorage in Frameworks */ = {isa = PBXBuildFile; productRef = 988618252BF31874002ACB4E /* FirebaseStorage */; };
		988618282BF31874002ACB4E /* FirebaseStorageCombine-Community in Frameworks */ = {isa = PBXBuildFile; productRef = 988618272BF31874002ACB4E /* FirebaseStorageCombine-Community */; };
		988618302BF348C8002ACB4E /* AuthService.swift in Sources */ = {isa = PBXBuildFile; fileRef = 9886182F2BF348C8002ACB4E /* AuthService.swift */; };
		988618332BF34AE0002ACB4E /* User.swift in Sources */ = {isa = PBXBuildFile; fileRef = 988618322BF34AE0002ACB4E /* User.swift */; };
		988618382BF37E81002ACB4E /* SignUpVC.swift in Sources */ = {isa = PBXBuildFile; fileRef = 988618372BF37E81002ACB4E /* SignUpVC.swift */; };
		9886183A2BF4FFEB002ACB4E /* MainButton.swift in Sources */ = {isa = PBXBuildFile; fileRef = 988618392BF4FFEB002ACB4E /* MainButton.swift */; };
		98887F8E2BFDBDCB006F929E /* ImageCacheManager.swift in Sources */ = {isa = PBXBuildFile; fileRef = 98887F8D2BFDBDCB006F929E /* ImageCacheManager.swift */; };
		98887F922C00938F006F929E /* UserManager.swift in Sources */ = {isa = PBXBuildFile; fileRef = 98887F912C00938F006F929E /* UserManager.swift */; };
		988A3C892C1B00AF00B7F05A /* FirebaseAnalytics in Frameworks */ = {isa = PBXBuildFile; productRef = 988A3C882C1B00AF00B7F05A /* FirebaseAnalytics */; };
		988DF4722C2443B400C84E35 /* MemberCellTableViewCell.swift in Sources */ = {isa = PBXBuildFile; fileRef = 988DF4712C2443B400C84E35 /* MemberCellTableViewCell.swift */; };
		9898034B2BF5F14200F5DFBD /* AgreementInputView.swift in Sources */ = {isa = PBXBuildFile; fileRef = 9898034A2BF5F14200F5DFBD /* AgreementInputView.swift */; };
		989EF7D02C0B0527005D523C /* ChatRoomVC.swift in Sources */ = {isa = PBXBuildFile; fileRef = 989EF7CF2C0B0526005D523C /* ChatRoomVC.swift */; };
		98AB54472BF71B390047310A /* NicknameInputView.swift in Sources */ = {isa = PBXBuildFile; fileRef = 98AB54462BF71B390047310A /* NicknameInputView.swift */; };
		98AB54492BF71B620047310A /* ProfilePictureInputView.swift in Sources */ = {isa = PBXBuildFile; fileRef = 98AB54482BF71B620047310A /* ProfilePictureInputView.swift */; };
		98AB544B2BF71B790047310A /* ProfilePublicView.swift in Sources */ = {isa = PBXBuildFile; fileRef = 98AB544A2BF71B790047310A /* ProfilePublicView.swift */; };
/* End PBXBuildFile section */

/* Begin PBXContainerItemProxy section */
		827F97412C0DB7C900DAD821 /* PBXContainerItemProxy */ = {
			isa = PBXContainerItemProxy;
			containerPortal = 82BE454C2BEFA947007AE54A /* Project object */;
			proxyType = 1;
			remoteGlobalIDString = 827F972E2C0DB7C700DAD821;
			remoteInfo = WidgetTestExtension;
		};
/* End PBXContainerItemProxy section */

/* Begin PBXCopyFilesBuildPhase section */
		82596AAD2C0356CE00DA6C70 /* Embed Foundation Extensions */ = {
			isa = PBXCopyFilesBuildPhase;
			buildActionMask = 12;
			dstPath = "";
			dstSubfolderSpec = 13;
			files = (
				827F97432C0DB7C900DAD821 /* WidgetTestExtension.appex in Embed Foundation Extensions */,
			);
			name = "Embed Foundation Extensions";
			runOnlyForDeploymentPostprocessing = 0;
		};
/* End PBXCopyFilesBuildPhase section */

/* Begin PBXFileReference section */
		610F3C722C1C34E800DF0744 /* NetworkService.swift */ = {isa = PBXFileReference; lastKnownFileType = sourcecode.swift; path = NetworkService.swift; sourceTree = "<group>"; };
		6140CCF92C15686500094202 /* RunningMapCell.swift */ = {isa = PBXFileReference; lastKnownFileType = sourcecode.swift; path = RunningMapCell.swift; sourceTree = "<group>"; };
		615ADADD2C059D5D005CAC75 /* Config.xcconfig */ = {isa = PBXFileReference; fileEncoding = 4; lastKnownFileType = text.xcconfig; name = Config.xcconfig; path = ../../../Config.xcconfig; sourceTree = "<group>"; };
		615ADAE12C07802B005CAC75 /* RefreshView.swift */ = {isa = PBXFileReference; lastKnownFileType = sourcecode.swift; path = RefreshView.swift; sourceTree = "<group>"; };
		615ADAE32C086F18005CAC75 /* LoadingView.swift */ = {isa = PBXFileReference; lastKnownFileType = sourcecode.swift; path = LoadingView.swift; sourceTree = "<group>"; };
		61625E332BFBD33300E6D1F3 /* GoogleService-Info.plist */ = {isa = PBXFileReference; fileEncoding = 4; lastKnownFileType = text.plist.xml; path = "GoogleService-Info.plist"; sourceTree = "<group>"; };
		61625E372BFE6EE500E6D1F3 /* Post.swift */ = {isa = PBXFileReference; lastKnownFileType = sourcecode.swift; path = Post.swift; sourceTree = "<group>"; };
		61625E392BFE75A500E6D1F3 /* PostService.swift */ = {isa = PBXFileReference; lastKnownFileType = sourcecode.swift; path = PostService.swift; sourceTree = "<group>"; };
		61936F992C22A75800F4C372 /* AskService.swift */ = {isa = PBXFileReference; lastKnownFileType = sourcecode.swift; path = AskService.swift; sourceTree = "<group>"; };
		6193AD172BF34C9C00C59D43 /* CourseRegisterVC.swift */ = {isa = PBXFileReference; lastKnownFileType = sourcecode.swift; path = CourseRegisterVC.swift; sourceTree = "<group>"; };
		61A51B092C0BB1EF00FEE7E3 /* MateDetailSkeletonView.swift */ = {isa = PBXFileReference; lastKnownFileType = sourcecode.swift; path = MateDetailSkeletonView.swift; sourceTree = "<group>"; };
		61A5B9342C219D7B00A71942 /* AskusVC.swift */ = {isa = PBXFileReference; lastKnownFileType = sourcecode.swift; path = AskusVC.swift; sourceTree = "<group>"; };
		61B0DEC72BF74D5C009E360B /* CourseDetailVC.swift */ = {isa = PBXFileReference; lastKnownFileType = sourcecode.swift; path = CourseDetailVC.swift; sourceTree = "<group>"; };
		61B0DEC92BF8F950009E360B /* CourseMapVC.swift */ = {isa = PBXFileReference; lastKnownFileType = sourcecode.swift; path = CourseMapVC.swift; sourceTree = "<group>"; };
		61B0DECD2BF92174009E360B /* MateViewCell.swift */ = {isa = PBXFileReference; lastKnownFileType = sourcecode.swift; path = MateViewCell.swift; sourceTree = "<group>"; };
		61B0DECF2BFA54AB009E360B /* MatePeopleListCell.swift */ = {isa = PBXFileReference; lastKnownFileType = sourcecode.swift; path = MatePeopleListCell.swift; sourceTree = "<group>"; };
		61B0DED12BFA668F009E360B /* SearchVC.swift */ = {isa = PBXFileReference; lastKnownFileType = sourcecode.swift; path = SearchVC.swift; sourceTree = "<group>"; };
		61B5A0042C106823004FF238 /* GoogleService-Info.plist */ = {isa = PBXFileReference; fileEncoding = 4; lastKnownFileType = text.plist.xml; path = "GoogleService-Info.plist"; sourceTree = "<group>"; };
		61B5A0062C10682C004FF238 /* Config.xcconfig */ = {isa = PBXFileReference; fileEncoding = 4; lastKnownFileType = text.xcconfig; path = Config.xcconfig; sourceTree = "<group>"; };
		61B5A00A2C1076B4004FF238 /* ReportPostVC.swift */ = {isa = PBXFileReference; lastKnownFileType = sourcecode.swift; path = ReportPostVC.swift; sourceTree = "<group>"; };
		61B8F98D2BF1D502005F0728 /* CourseDrawingMapVC.swift */ = {isa = PBXFileReference; lastKnownFileType = sourcecode.swift; path = CourseDrawingMapVC.swift; sourceTree = "<group>"; };
		820069112C10838B009FDA6C /* StickerCollectionVC.swift */ = {isa = PBXFileReference; lastKnownFileType = sourcecode.swift; path = StickerCollectionVC.swift; sourceTree = "<group>"; };
		820069132C10BA3F009FDA6C /* DataCollectionVC.swift */ = {isa = PBXFileReference; lastKnownFileType = sourcecode.swift; path = DataCollectionVC.swift; sourceTree = "<group>"; };
		820069152C10BD86009FDA6C /* DataCollectionCell.swift */ = {isa = PBXFileReference; lastKnownFileType = sourcecode.swift; path = DataCollectionCell.swift; sourceTree = "<group>"; };
		82159C902C1887BB0054B684 /* WidgetManager.swift */ = {isa = PBXFileReference; lastKnownFileType = sourcecode.swift; path = WidgetManager.swift; sourceTree = "<group>"; };
		822E06B52BF1EC2500636CCC /* LocationService.swift */ = {isa = PBXFileReference; lastKnownFileType = sourcecode.swift; path = LocationService.swift; sourceTree = "<group>"; };
		822E06B82BF1EEED00636CCC /* UserLocationDelegate.swift */ = {isa = PBXFileReference; lastKnownFileType = sourcecode.swift; path = UserLocationDelegate.swift; sourceTree = "<group>"; };
		823E7A492C13451F00EFA983 /* StickerCollectionCell.swift */ = {isa = PBXFileReference; lastKnownFileType = sourcecode.swift; path = StickerCollectionCell.swift; sourceTree = "<group>"; };
		82596A892C034CAC00DA6C70 /* CoreMotion.swift */ = {isa = PBXFileReference; lastKnownFileType = sourcecode.swift; path = CoreMotion.swift; sourceTree = "<group>"; };
		826248182BFB4D9B0028C221 /* Running.swift */ = {isa = PBXFileReference; lastKnownFileType = sourcecode.swift; path = Running.swift; sourceTree = "<group>"; };
		826922E22C045B8B00D506C2 /* RunInfoCell.swift */ = {isa = PBXFileReference; lastKnownFileType = sourcecode.swift; path = RunInfoCell.swift; sourceTree = "<group>"; };
		826922E42C04664000D506C2 /* RunInfoModel.swift */ = {isa = PBXFileReference; lastKnownFileType = sourcecode.swift; path = RunInfoModel.swift; sourceTree = "<group>"; };
		826922E62C0487B100D506C2 /* RunTrackingVC.swift */ = {isa = PBXFileReference; lastKnownFileType = sourcecode.swift; path = RunTrackingVC.swift; sourceTree = "<group>"; };
		826922E82C04959900D506C2 /* RunInfoDetailVC.swift */ = {isa = PBXFileReference; lastKnownFileType = sourcecode.swift; path = RunInfoDetailVC.swift; sourceTree = "<group>"; };
		82707D0E2BF72BD40038E4A7 /* Haptic.swift */ = {isa = PBXFileReference; lastKnownFileType = sourcecode.swift; path = Haptic.swift; sourceTree = "<group>"; };
		827F972F2C0DB7C700DAD821 /* WidgetTestExtension.appex */ = {isa = PBXFileReference; explicitFileType = "wrapper.app-extension"; includeInIndex = 0; path = WidgetTestExtension.appex; sourceTree = BUILT_PRODUCTS_DIR; };
		827F97312C0DB7C700DAD821 /* WidgetKit.framework */ = {isa = PBXFileReference; lastKnownFileType = wrapper.framework; name = WidgetKit.framework; path = System/Library/Frameworks/WidgetKit.framework; sourceTree = SDKROOT; };
		827F97332C0DB7C700DAD821 /* SwiftUI.framework */ = {isa = PBXFileReference; lastKnownFileType = wrapper.framework; name = SwiftUI.framework; path = System/Library/Frameworks/SwiftUI.framework; sourceTree = SDKROOT; };
		827F97362C0DB7C700DAD821 /* WidgetTestBundle.swift */ = {isa = PBXFileReference; lastKnownFileType = sourcecode.swift; path = WidgetTestBundle.swift; sourceTree = "<group>"; };
		827F973A2C0DB7C700DAD821 /* WidgetTest.swift */ = {isa = PBXFileReference; lastKnownFileType = sourcecode.swift; path = WidgetTest.swift; sourceTree = "<group>"; };
		827F973C2C0DB7C700DAD821 /* AppIntent.swift */ = {isa = PBXFileReference; lastKnownFileType = sourcecode.swift; path = AppIntent.swift; sourceTree = "<group>"; };
		827F973E2C0DB7C900DAD821 /* Assets.xcassets */ = {isa = PBXFileReference; lastKnownFileType = folder.assetcatalog; path = Assets.xcassets; sourceTree = "<group>"; };
		827F97472C0DB85200DAD821 /* WidgetAttribute.swift */ = {isa = PBXFileReference; lastKnownFileType = sourcecode.swift; path = WidgetAttribute.swift; sourceTree = "<group>"; };
		827F974B2C0DBCF400DAD821 /* WidgetTestExtensionDebug.entitlements */ = {isa = PBXFileReference; lastKnownFileType = text.plist.entitlements; path = WidgetTestExtensionDebug.entitlements; sourceTree = "<group>"; };
		8280D26E2BF12BD2002CB7DD /* LoginVC.swift */ = {isa = PBXFileReference; lastKnownFileType = sourcecode.swift; path = LoginVC.swift; sourceTree = "<group>"; };
		8280D2742BF137E2002CB7DD /* RunningResultVC.swift */ = {isa = PBXFileReference; lastKnownFileType = sourcecode.swift; path = RunningResultVC.swift; sourceTree = "<group>"; };
		82ABF3782C10184A002B25CE /* SelectePhotoVC.swift */ = {isa = PBXFileReference; lastKnownFileType = sourcecode.swift; path = SelectePhotoVC.swift; sourceTree = "<group>"; };
		82ABF39A2C1039D7002B25CE /* PhotoEditVC.swift */ = {isa = PBXFileReference; lastKnownFileType = sourcecode.swift; path = PhotoEditVC.swift; sourceTree = "<group>"; };
		82BE45542BEFA947007AE54A /* TrackUs-iOS.app */ = {isa = PBXFileReference; explicitFileType = wrapper.application; includeInIndex = 0; path = "TrackUs-iOS.app"; sourceTree = BUILT_PRODUCTS_DIR; };
		82BE45572BEFA947007AE54A /* AppDelegate.swift */ = {isa = PBXFileReference; lastKnownFileType = sourcecode.swift; path = AppDelegate.swift; sourceTree = "<group>"; };
		82BE45592BEFA948007AE54A /* SceneDelegate.swift */ = {isa = PBXFileReference; lastKnownFileType = sourcecode.swift; path = SceneDelegate.swift; sourceTree = "<group>"; };
		82BE455E2BEFA948007AE54A /* Base */ = {isa = PBXFileReference; lastKnownFileType = file.storyboard; name = Base; path = Base.lproj/Main.storyboard; sourceTree = "<group>"; };
		82BE45602BEFA94A007AE54A /* Assets.xcassets */ = {isa = PBXFileReference; lastKnownFileType = folder.assetcatalog; path = Assets.xcassets; sourceTree = "<group>"; };
		82BE45632BEFA94A007AE54A /* Base */ = {isa = PBXFileReference; lastKnownFileType = file.storyboard; name = Base; path = Base.lproj/LaunchScreen.storyboard; sourceTree = "<group>"; };
		82BE457B2BEFB0A0007AE54A /* RunningHomeVC.swift */ = {isa = PBXFileReference; lastKnownFileType = sourcecode.swift; path = RunningHomeVC.swift; sourceTree = "<group>"; };
		82BE457E2BEFB0E4007AE54A /* RunningMateVC.swift */ = {isa = PBXFileReference; lastKnownFileType = sourcecode.swift; path = RunningMateVC.swift; sourceTree = "<group>"; };
		82BE45802BEFB128007AE54A /* ChatListVC.swift */ = {isa = PBXFileReference; lastKnownFileType = sourcecode.swift; path = ChatListVC.swift; sourceTree = "<group>"; };
		82BE45822BEFB137007AE54A /* MyProfileVC.swift */ = {isa = PBXFileReference; lastKnownFileType = sourcecode.swift; path = MyProfileVC.swift; sourceTree = "<group>"; };
		82BE45842BEFB77C007AE54A /* CustomTabBarVC.swift */ = {isa = PBXFileReference; lastKnownFileType = sourcecode.swift; path = CustomTabBarVC.swift; sourceTree = "<group>"; };
		82C214632C0639DE00D15993 /* MapResultVC.swift */ = {isa = PBXFileReference; lastKnownFileType = sourcecode.swift; path = MapResultVC.swift; sourceTree = "<group>"; };
		82C38AC82BFCA187004819C1 /* String+.swift */ = {isa = PBXFileReference; lastKnownFileType = sourcecode.swift; path = "String+.swift"; sourceTree = "<group>"; };
		82C38ACA2BFCA18E004819C1 /* Int+.swift */ = {isa = PBXFileReference; lastKnownFileType = sourcecode.swift; path = "Int+.swift"; sourceTree = "<group>"; };
		82C38ACE2BFCA57B004819C1 /* Array+.swift */ = {isa = PBXFileReference; lastKnownFileType = sourcecode.swift; path = "Array+.swift"; sourceTree = "<group>"; };
		82C38AD02BFCE0C4004819C1 /* CoreLocation.swift */ = {isa = PBXFileReference; lastKnownFileType = sourcecode.swift; path = CoreLocation.swift; sourceTree = "<group>"; };
		82C38AD22BFCE445004819C1 /* Double+.swift */ = {isa = PBXFileReference; lastKnownFileType = sourcecode.swift; path = "Double+.swift"; sourceTree = "<group>"; };
		82D845912C0E0B7900313CA2 /* WidgetTestLiveActivity.swift */ = {isa = PBXFileReference; lastKnownFileType = sourcecode.swift; path = WidgetTestLiveActivity.swift; sourceTree = "<group>"; };
		82E7638A2C087C220078E5C9 /* MyMapView.swift */ = {isa = PBXFileReference; lastKnownFileType = sourcecode.swift; path = MyMapView.swift; sourceTree = "<group>"; };
		9664CA3E2C196C8000035168 /* report_user.swift */ = {isa = PBXFileReference; lastKnownFileType = sourcecode.swift; path = report_user.swift; sourceTree = "<group>"; };
		9664CA4A2C20045D00035168 /* ProfileRecordsCell.swift */ = {isa = PBXFileReference; lastKnownFileType = sourcecode.swift; path = ProfileRecordsCell.swift; sourceTree = "<group>"; };
		967D829A2C0CAD6E00CC1F2A /* RecordService.swift */ = {isa = PBXFileReference; fileEncoding = 4; lastKnownFileType = sourcecode.swift; path = RecordService.swift; sourceTree = "<group>"; };
		96AC57332C059CAA00F1A73C /* WithdrawalVC.swift */ = {isa = PBXFileReference; lastKnownFileType = sourcecode.swift; path = WithdrawalVC.swift; sourceTree = "<group>"; };
		96AC57352C059CC700F1A73C /* SettingVC.swift */ = {isa = PBXFileReference; lastKnownFileType = sourcecode.swift; path = SettingVC.swift; sourceTree = "<group>"; };
		96AC57372C059CDC00F1A73C /* MyProfileEditVC.swift */ = {isa = PBXFileReference; lastKnownFileType = sourcecode.swift; path = MyProfileEditVC.swift; sourceTree = "<group>"; };
		96AC573B2C059CFF00F1A73C /* CalendarVC.swift */ = {isa = PBXFileReference; lastKnownFileType = sourcecode.swift; path = CalendarVC.swift; sourceTree = "<group>"; };
		96AC573D2C059D1700F1A73C /* OtherProfileVC.swift */ = {isa = PBXFileReference; lastKnownFileType = sourcecode.swift; path = OtherProfileVC.swift; sourceTree = "<group>"; };
		96D43F9D2C0CAE530059C377 /* ImageUploader.swift */ = {isa = PBXFileReference; fileEncoding = 4; lastKnownFileType = sourcecode.swift; path = ImageUploader.swift; sourceTree = "<group>"; };
		96D43F9F2C0CD2D90059C377 /* UserListVC.swift */ = {isa = PBXFileReference; lastKnownFileType = sourcecode.swift; path = UserListVC.swift; sourceTree = "<group>"; };
		96D43FA12C0D8CEB0059C377 /* ReportUserVC.swift */ = {isa = PBXFileReference; lastKnownFileType = sourcecode.swift; path = ReportUserVC.swift; sourceTree = "<group>"; };
		96D43FA42C117E3D0059C377 /* Info.plist */ = {isa = PBXFileReference; lastKnownFileType = text.plist.xml; path = Info.plist; sourceTree = "<group>"; };
		96D43FAA2C1180BF0059C377 /* TrackUs-iOSDebug.entitlements */ = {isa = PBXFileReference; fileEncoding = 4; lastKnownFileType = text.plist.entitlements; path = "TrackUs-iOSDebug.entitlements"; sourceTree = "<group>"; };
		984EF3562C16929B0004CB9A /* SideMenuVC.swift */ = {isa = PBXFileReference; lastKnownFileType = sourcecode.swift; path = SideMenuVC.swift; sourceTree = "<group>"; };
		98601D572C07103E0056E407 /* Chat.swift */ = {isa = PBXFileReference; lastKnownFileType = sourcecode.swift; path = Chat.swift; sourceTree = "<group>"; };
		98601D5C2C07219A0056E407 /* ChatRoomCell.swift */ = {isa = PBXFileReference; lastKnownFileType = sourcecode.swift; path = ChatRoomCell.swift; sourceTree = "<group>"; };
		9866E6172BFB63ED0031E8B6 /* SplashView.swift */ = {isa = PBXFileReference; lastKnownFileType = sourcecode.swift; path = SplashView.swift; sourceTree = "<group>"; };
		986AF1A62C0D86F6005E65EB /* ChatMessageCell.swift */ = {isa = PBXFileReference; lastKnownFileType = sourcecode.swift; path = ChatMessageCell.swift; sourceTree = "<group>"; };
		987C0EAB2C184459007767D5 /* Info.plist */ = {isa = PBXFileReference; lastKnownFileType = text.plist.xml; path = Info.plist; sourceTree = "<group>"; };
		987C0EAF2C185DA2007767D5 /* GoogleService-Info.plist */ = {isa = PBXFileReference; fileEncoding = 4; lastKnownFileType = text.plist.xml; path = "GoogleService-Info.plist"; sourceTree = "<group>"; };
		987C0EB12C18641E007767D5 /* Config.xcconfig */ = {isa = PBXFileReference; lastKnownFileType = text.xcconfig; path = Config.xcconfig; sourceTree = "<group>"; };
		987E2FE42C08548300B1970F /* ChatManager.swift */ = {isa = PBXFileReference; lastKnownFileType = sourcecode.swift; path = ChatManager.swift; sourceTree = "<group>"; };
		987E2FE62C0860D500B1970F /* ChatProfileImageView.swift */ = {isa = PBXFileReference; lastKnownFileType = sourcecode.swift; path = ChatProfileImageView.swift; sourceTree = "<group>"; };
		987E2FE82C08645500B1970F /* Date+.swift */ = {isa = PBXFileReference; lastKnownFileType = sourcecode.swift; path = "Date+.swift"; sourceTree = "<group>"; };
		987F484B2C118118005034ED /* GoogleService-Info.plist */ = {isa = PBXFileReference; fileEncoding = 4; lastKnownFileType = text.plist.xml; path = "GoogleService-Info.plist"; sourceTree = "<group>"; };
		987F6F292C04DAD1004F6615 /* Config.xcconfig */ = {isa = PBXFileReference; lastKnownFileType = text.xcconfig; path = Config.xcconfig; sourceTree = "<group>"; };
		988618162BF317EE002ACB4E /* UIImage+.swift */ = {isa = PBXFileReference; lastKnownFileType = sourcecode.swift; path = "UIImage+.swift"; sourceTree = "<group>"; };
		9886182F2BF348C8002ACB4E /* AuthService.swift */ = {isa = PBXFileReference; lastKnownFileType = sourcecode.swift; path = AuthService.swift; sourceTree = "<group>"; };
		988618322BF34AE0002ACB4E /* User.swift */ = {isa = PBXFileReference; lastKnownFileType = sourcecode.swift; path = User.swift; sourceTree = "<group>"; };
		988618342BF353CC002ACB4E /* TrackUs-iOS.entitlements */ = {isa = PBXFileReference; lastKnownFileType = text.plist.entitlements; path = "TrackUs-iOS.entitlements"; sourceTree = "<group>"; };
		988618372BF37E81002ACB4E /* SignUpVC.swift */ = {isa = PBXFileReference; lastKnownFileType = sourcecode.swift; path = SignUpVC.swift; sourceTree = "<group>"; };
		988618392BF4FFEB002ACB4E /* MainButton.swift */ = {isa = PBXFileReference; lastKnownFileType = sourcecode.swift; path = MainButton.swift; sourceTree = "<group>"; };
		98887F8D2BFDBDCB006F929E /* ImageCacheManager.swift */ = {isa = PBXFileReference; lastKnownFileType = sourcecode.swift; path = ImageCacheManager.swift; sourceTree = "<group>"; };
		98887F912C00938F006F929E /* UserManager.swift */ = {isa = PBXFileReference; lastKnownFileType = sourcecode.swift; path = UserManager.swift; sourceTree = "<group>"; };
		988DF4712C2443B400C84E35 /* MemberCellTableViewCell.swift */ = {isa = PBXFileReference; lastKnownFileType = sourcecode.swift; path = MemberCellTableViewCell.swift; sourceTree = "<group>"; };
		9898034A2BF5F14200F5DFBD /* AgreementInputView.swift */ = {isa = PBXFileReference; lastKnownFileType = sourcecode.swift; path = AgreementInputView.swift; sourceTree = "<group>"; };
		989EF7CF2C0B0526005D523C /* ChatRoomVC.swift */ = {isa = PBXFileReference; lastKnownFileType = sourcecode.swift; path = ChatRoomVC.swift; sourceTree = "<group>"; };
		98AB54462BF71B390047310A /* NicknameInputView.swift */ = {isa = PBXFileReference; lastKnownFileType = sourcecode.swift; path = NicknameInputView.swift; sourceTree = "<group>"; };
		98AB54482BF71B620047310A /* ProfilePictureInputView.swift */ = {isa = PBXFileReference; lastKnownFileType = sourcecode.swift; path = ProfilePictureInputView.swift; sourceTree = "<group>"; };
		98AB544A2BF71B790047310A /* ProfilePublicView.swift */ = {isa = PBXFileReference; lastKnownFileType = sourcecode.swift; path = ProfilePublicView.swift; sourceTree = "<group>"; };
/* End PBXFileReference section */

/* Begin PBXFrameworksBuildPhase section */
		827F972C2C0DB7C700DAD821 /* Frameworks */ = {
			isa = PBXFrameworksBuildPhase;
			buildActionMask = 2147483647;
			files = (
				827F97342C0DB7C700DAD821 /* SwiftUI.framework in Frameworks */,
				827F97322C0DB7C700DAD821 /* WidgetKit.framework in Frameworks */,
			);
			runOnlyForDeploymentPostprocessing = 0;
		};
		82BE45512BEFA947007AE54A /* Frameworks */ = {
			isa = PBXFrameworksBuildPhase;
			buildActionMask = 2147483647;
			files = (
				988618242BF31874002ACB4E /* FirebaseMessaging in Frameworks */,
				9885ACF82BF9E8AA00367991 /* KakaoSDKCommon in Frameworks */,
				988618222BF31874002ACB4E /* FirebaseFirestoreSwift in Frameworks */,
				988618282BF31874002ACB4E /* FirebaseStorageCombine-Community in Frameworks */,
				987F6F262C04D7F9004F6615 /* KakaoSDKCert in Frameworks */,
				9886181A2BF31874002ACB4E /* FirebaseAuth in Frameworks */,
				987F6F282C04D7F9004F6615 /* KakaoSDKCertCore in Frameworks */,
				988618202BF31874002ACB4E /* FirebaseFirestoreCombine-Community in Frameworks */,
				988A3C892C1B00AF00B7F05A /* FirebaseAnalytics in Frameworks */,
				988618262BF31874002ACB4E /* FirebaseStorage in Frameworks */,
				9886181C2BF31874002ACB4E /* FirebaseAuthCombine-Community in Frameworks */,
				9885ACFA2BF9E8AA00367991 /* KakaoSDKUser in Frameworks */,
				9886181E2BF31874002ACB4E /* FirebaseFirestore in Frameworks */,
				9885ACF42BF9E8AA00367991 /* KakaoSDK in Frameworks */,
				9885ACF62BF9E8AA00367991 /* KakaoSDKAuth in Frameworks */,
			);
			runOnlyForDeploymentPostprocessing = 0;
		};
/* End PBXFrameworksBuildPhase section */

/* Begin PBXGroup section */
		61625E3B2C04835200E6D1F3 /* Recovered References */ = {
			isa = PBXGroup;
			children = (
				61625E332BFBD33300E6D1F3 /* GoogleService-Info.plist */,
				615ADADD2C059D5D005CAC75 /* Config.xcconfig */,
				61B5A0062C10682C004FF238 /* Config.xcconfig */,
				61B5A0042C106823004FF238 /* GoogleService-Info.plist */,
				987F484B2C118118005034ED /* GoogleService-Info.plist */,
				987F6F292C04DAD1004F6615 /* Config.xcconfig */,
			);
			name = "Recovered References";
			sourceTree = "<group>";
		};
		61B0DED32BFB7662009E360B /* View */ = {
			isa = PBXGroup;
			children = (
				61B0DECD2BF92174009E360B /* MateViewCell.swift */,
				61B0DECF2BFA54AB009E360B /* MatePeopleListCell.swift */,
				615ADAE12C07802B005CAC75 /* RefreshView.swift */,
				615ADAE32C086F18005CAC75 /* LoadingView.swift */,
				61A51B092C0BB1EF00FEE7E3 /* MateDetailSkeletonView.swift */,
			);
			path = View;
			sourceTree = "<group>";
		};
		82277FFE2C08C3C700AA59E3 /* Utils */ = {
			isa = PBXGroup;
			children = (
				96D43F9D2C0CAE530059C377 /* ImageUploader.swift */,
			);
			path = Utils;
			sourceTree = "<group>";
		};
		822E06B42BF1EC0D00636CCC /* Shared */ = {
			isa = PBXGroup;
			children = (
				9886182F2BF348C8002ACB4E /* AuthService.swift */,
				98887F8D2BFDBDCB006F929E /* ImageCacheManager.swift */,
				822E06B52BF1EC2500636CCC /* LocationService.swift */,
				82707D0E2BF72BD40038E4A7 /* Haptic.swift */,
				82596A892C034CAC00DA6C70 /* CoreMotion.swift */,
				82159C902C1887BB0054B684 /* WidgetManager.swift */,
			);
			path = Shared;
			sourceTree = "<group>";
		};
		822E06B72BF1EEDE00636CCC /* Protocol */ = {
			isa = PBXGroup;
			children = (
				822E06B82BF1EEED00636CCC /* UserLocationDelegate.swift */,
			);
			path = Protocol;
			sourceTree = "<group>";
		};
		826922E12C045AC200D506C2 /* Views */ = {
			isa = PBXGroup;
			children = (
				826922E22C045B8B00D506C2 /* RunInfoCell.swift */,
				82E7638A2C087C220078E5C9 /* MyMapView.swift */,
				6140CCF92C15686500094202 /* RunningMapCell.swift */,
			);
			path = Views;
			sourceTree = "<group>";
		};
		827F97302C0DB7C700DAD821 /* Frameworks */ = {
			isa = PBXGroup;
			children = (
				827F97312C0DB7C700DAD821 /* WidgetKit.framework */,
				827F97332C0DB7C700DAD821 /* SwiftUI.framework */,
			);
			name = Frameworks;
			sourceTree = "<group>";
		};
		827F97352C0DB7C700DAD821 /* WidgetTest */ = {
			isa = PBXGroup;
			children = (
				827F97362C0DB7C700DAD821 /* WidgetTestBundle.swift */,
				82D845912C0E0B7900313CA2 /* WidgetTestLiveActivity.swift */,
				827F973A2C0DB7C700DAD821 /* WidgetTest.swift */,
				827F973C2C0DB7C700DAD821 /* AppIntent.swift */,
				827F973E2C0DB7C900DAD821 /* Assets.xcassets */,
				96D43FA42C117E3D0059C377 /* Info.plist */,
			);
			path = WidgetTest;
			sourceTree = "<group>";
		};
		82ABF3752C1014D4002B25CE /* RecordSharing */ = {
			isa = PBXGroup;
			children = (
				82ABF39E2C1047FD002B25CE /* Views */,
				82ABF39D2C1047D7002B25CE /* Controllers */,
			);
			path = RecordSharing;
			sourceTree = "<group>";
		};
		82ABF39D2C1047D7002B25CE /* Controllers */ = {
			isa = PBXGroup;
			children = (
				82ABF3782C10184A002B25CE /* SelectePhotoVC.swift */,
				82ABF39A2C1039D7002B25CE /* PhotoEditVC.swift */,
				820069132C10BA3F009FDA6C /* DataCollectionVC.swift */,
				820069112C10838B009FDA6C /* StickerCollectionVC.swift */,
			);
			path = Controllers;
			sourceTree = "<group>";
		};
		82ABF39E2C1047FD002B25CE /* Views */ = {
			isa = PBXGroup;
			children = (
				820069152C10BD86009FDA6C /* DataCollectionCell.swift */,
				823E7A492C13451F00EFA983 /* StickerCollectionCell.swift */,
			);
			path = Views;
			sourceTree = "<group>";
		};
		82BE454B2BEFA947007AE54A = {
			isa = PBXGroup;
			children = (
				827F974B2C0DBCF400DAD821 /* WidgetTestExtensionDebug.entitlements */,
				82BE45562BEFA947007AE54A /* TrackUs-iOS */,
				827F97352C0DB7C700DAD821 /* WidgetTest */,
				827F97302C0DB7C700DAD821 /* Frameworks */,
				82BE45552BEFA947007AE54A /* Products */,
				61625E3B2C04835200E6D1F3 /* Recovered References */,
			);
			sourceTree = "<group>";
		};
		82BE45552BEFA947007AE54A /* Products */ = {
			isa = PBXGroup;
			children = (
				82BE45542BEFA947007AE54A /* TrackUs-iOS.app */,
				827F972F2C0DB7C700DAD821 /* WidgetTestExtension.appex */,
			);
			name = Products;
			sourceTree = "<group>";
		};
		82BE45562BEFA947007AE54A /* TrackUs-iOS */ = {
			isa = PBXGroup;
			children = (
				96D43FAA2C1180BF0059C377 /* TrackUs-iOSDebug.entitlements */,
				987C0EAB2C184459007767D5 /* Info.plist */,
				987C0EAF2C185DA2007767D5 /* GoogleService-Info.plist */,
				987C0EB12C18641E007767D5 /* Config.xcconfig */,
				988618342BF353CC002ACB4E /* TrackUs-iOS.entitlements */,
				82277FFE2C08C3C700AA59E3 /* Utils */,
				988618312BF34A6C002ACB4E /* Model */,
				82BE456E2BEFAE22007AE54A /* Common */,
				82BE456C2BEFADE2007AE54A /* Presentation */,
				82BE455D2BEFA948007AE54A /* Main.storyboard */,
				82BE45602BEFA94A007AE54A /* Assets.xcassets */,
				82BE45622BEFA94A007AE54A /* LaunchScreen.storyboard */,
			);
			path = "TrackUs-iOS";
			sourceTree = "<group>";
		};
		82BE456C2BEFADE2007AE54A /* Presentation */ = {
			isa = PBXGroup;
			children = (
				82BE45842BEFB77C007AE54A /* CustomTabBarVC.swift */,
				82ABF3752C1014D4002B25CE /* RecordSharing */,
				82BE45732BEFAFB3007AE54A /* Running */,
				82BE45722BEFAFB0007AE54A /* Mate */,
				82BE45712BEFAFAD007AE54A /* Chat */,
				82BE45702BEFAFAB007AE54A /* Profile */,
			);
			path = Presentation;
			sourceTree = "<group>";
		};
		82BE456E2BEFAE22007AE54A /* Common */ = {
			isa = PBXGroup;
			children = (
				98704C7D2BFB78E9009C0FAF /* Component */,
				989803482BF5D82800F5DFBD /* Service */,
				989803472BF5D80700F5DFBD /* Extension */,
				822E06B72BF1EEDE00636CCC /* Protocol */,
				822E06B42BF1EC0D00636CCC /* Shared */,
				82BE456F2BEFAE74007AE54A /* Core */,
			);
			path = Common;
			sourceTree = "<group>";
		};
		82BE456F2BEFAE74007AE54A /* Core */ = {
			isa = PBXGroup;
			children = (
				82BE45572BEFA947007AE54A /* AppDelegate.swift */,
				82BE45592BEFA948007AE54A /* SceneDelegate.swift */,
			);
			path = Core;
			sourceTree = "<group>";
		};
		82BE45702BEFAFAB007AE54A /* Profile */ = {
			isa = PBXGroup;
			children = (
				82BE45752BEFAFF5007AE54A /* Auth */,
				82BE45792BEFB035007AE54A /* Controllers */,
			);
			path = Profile;
			sourceTree = "<group>";
		};
		82BE45712BEFAFAD007AE54A /* Chat */ = {
			isa = PBXGroup;
			children = (
				98601D592C0719340056E407 /* View */,
				82BE45782BEFB02F007AE54A /* Controllers */,
			);
			path = Chat;
			sourceTree = "<group>";
		};
		82BE45722BEFAFB0007AE54A /* Mate */ = {
			isa = PBXGroup;
			children = (
				61B0DED32BFB7662009E360B /* View */,
				82BE45772BEFB027007AE54A /* Controllers */,
			);
			path = Mate;
			sourceTree = "<group>";
		};
		82BE45732BEFAFB3007AE54A /* Running */ = {
			isa = PBXGroup;
			children = (
				826922E12C045AC200D506C2 /* Views */,
				82BE45762BEFB020007AE54A /* Controllers */,
				827F97472C0DB85200DAD821 /* WidgetAttribute.swift */,
			);
			path = Running;
			sourceTree = "<group>";
		};
		82BE45752BEFAFF5007AE54A /* Auth */ = {
			isa = PBXGroup;
			children = (
				989803492BF5DD2600F5DFBD /* View */,
				82BE457A2BEFB03B007AE54A /* Controllers */,
			);
			path = Auth;
			sourceTree = "<group>";
		};
		82BE45762BEFB020007AE54A /* Controllers */ = {
			isa = PBXGroup;
			children = (
				82BE457B2BEFB0A0007AE54A /* RunningHomeVC.swift */,
				8280D2742BF137E2002CB7DD /* RunningResultVC.swift */,
				826922E62C0487B100D506C2 /* RunTrackingVC.swift */,
				826922E82C04959900D506C2 /* RunInfoDetailVC.swift */,
				82C214632C0639DE00D15993 /* MapResultVC.swift */,
			);
			path = Controllers;
			sourceTree = "<group>";
		};
		82BE45772BEFB027007AE54A /* Controllers */ = {
			isa = PBXGroup;
			children = (
				82BE457E2BEFB0E4007AE54A /* RunningMateVC.swift */,
				61B8F98D2BF1D502005F0728 /* CourseDrawingMapVC.swift */,
				6193AD172BF34C9C00C59D43 /* CourseRegisterVC.swift */,
				61B0DEC72BF74D5C009E360B /* CourseDetailVC.swift */,
				61B0DEC92BF8F950009E360B /* CourseMapVC.swift */,
				61B0DED12BFA668F009E360B /* SearchVC.swift */,
				61B5A00A2C1076B4004FF238 /* ReportPostVC.swift */,
			);
			path = Controllers;
			sourceTree = "<group>";
		};
		82BE45782BEFB02F007AE54A /* Controllers */ = {
			isa = PBXGroup;
			children = (
				82BE45802BEFB128007AE54A /* ChatListVC.swift */,
				989EF7CF2C0B0526005D523C /* ChatRoomVC.swift */,
				984EF3562C16929B0004CB9A /* SideMenuVC.swift */,
			);
			path = Controllers;
			sourceTree = "<group>";
		};
		82BE45792BEFB035007AE54A /* Controllers */ = {
			isa = PBXGroup;
			children = (
				82BE45822BEFB137007AE54A /* MyProfileVC.swift */,
				96AC57332C059CAA00F1A73C /* WithdrawalVC.swift */,
				96AC57352C059CC700F1A73C /* SettingVC.swift */,
				96AC57372C059CDC00F1A73C /* MyProfileEditVC.swift */,
				96AC573B2C059CFF00F1A73C /* CalendarVC.swift */,
				96AC573D2C059D1700F1A73C /* OtherProfileVC.swift */,
				96D43F9F2C0CD2D90059C377 /* UserListVC.swift */,
				96D43FA12C0D8CEB0059C377 /* ReportUserVC.swift */,
				61A5B9342C219D7B00A71942 /* AskusVC.swift */,
				9664CA4A2C20045D00035168 /* ProfileRecordsCell.swift */,
			);
			path = Controllers;
			sourceTree = "<group>";
		};
		82BE457A2BEFB03B007AE54A /* Controllers */ = {
			isa = PBXGroup;
			children = (
				8280D26E2BF12BD2002CB7DD /* LoginVC.swift */,
				988618372BF37E81002ACB4E /* SignUpVC.swift */,
			);
			path = Controllers;
			sourceTree = "<group>";
		};
		98601D592C0719340056E407 /* View */ = {
			isa = PBXGroup;
			children = (
				98601D5C2C07219A0056E407 /* ChatRoomCell.swift */,
				987E2FE62C0860D500B1970F /* ChatProfileImageView.swift */,
				986AF1A62C0D86F6005E65EB /* ChatMessageCell.swift */,
				988DF4712C2443B400C84E35 /* MemberCellTableViewCell.swift */,
			);
			path = View;
			sourceTree = "<group>";
		};
		98704C7D2BFB78E9009C0FAF /* Component */ = {
			isa = PBXGroup;
			children = (
				988618392BF4FFEB002ACB4E /* MainButton.swift */,
			);
			path = Component;
			sourceTree = "<group>";
		};
		988618312BF34A6C002ACB4E /* Model */ = {
			isa = PBXGroup;
			children = (
				988618322BF34AE0002ACB4E /* User.swift */,
				826248182BFB4D9B0028C221 /* Running.swift */,
				826922E42C04664000D506C2 /* RunInfoModel.swift */,
				61625E372BFE6EE500E6D1F3 /* Post.swift */,
				98601D572C07103E0056E407 /* Chat.swift */,
				9664CA3E2C196C8000035168 /* report_user.swift */,
			);
			path = Model;
			sourceTree = "<group>";
		};
		989803472BF5D80700F5DFBD /* Extension */ = {
			isa = PBXGroup;
			children = (
				988618162BF317EE002ACB4E /* UIImage+.swift */,
				82C38AC82BFCA187004819C1 /* String+.swift */,
				82C38ACA2BFCA18E004819C1 /* Int+.swift */,
				82C38ACE2BFCA57B004819C1 /* Array+.swift */,
				82C38AD02BFCE0C4004819C1 /* CoreLocation.swift */,
				82C38AD22BFCE445004819C1 /* Double+.swift */,
				987E2FE82C08645500B1970F /* Date+.swift */,
			);
			path = Extension;
			sourceTree = "<group>";
		};
		989803482BF5D82800F5DFBD /* Service */ = {
			isa = PBXGroup;
			children = (
				98887F912C00938F006F929E /* UserManager.swift */,
				987E2FE42C08548300B1970F /* ChatManager.swift */,
				61625E392BFE75A500E6D1F3 /* PostService.swift */,
				967D829A2C0CAD6E00CC1F2A /* RecordService.swift */,
				610F3C722C1C34E800DF0744 /* NetworkService.swift */,
				61936F992C22A75800F4C372 /* AskService.swift */,
			);
			path = Service;
			sourceTree = "<group>";
		};
		989803492BF5DD2600F5DFBD /* View */ = {
			isa = PBXGroup;
			children = (
				9898034A2BF5F14200F5DFBD /* AgreementInputView.swift */,
				98AB54462BF71B390047310A /* NicknameInputView.swift */,
				98AB54482BF71B620047310A /* ProfilePictureInputView.swift */,
				98AB544A2BF71B790047310A /* ProfilePublicView.swift */,
				9866E6172BFB63ED0031E8B6 /* SplashView.swift */,
			);
			path = View;
			sourceTree = "<group>";
		};
/* End PBXGroup section */

/* Begin PBXNativeTarget section */
		827F972E2C0DB7C700DAD821 /* WidgetTestExtension */ = {
			isa = PBXNativeTarget;
			buildConfigurationList = 827F97442C0DB7C900DAD821 /* Build configuration list for PBXNativeTarget "WidgetTestExtension" */;
			buildPhases = (
				827F972B2C0DB7C700DAD821 /* Sources */,
				827F972C2C0DB7C700DAD821 /* Frameworks */,
				827F972D2C0DB7C700DAD821 /* Resources */,
			);
			buildRules = (
			);
			dependencies = (
			);
			name = WidgetTestExtension;
			productName = WidgetTestExtension;
			productReference = 827F972F2C0DB7C700DAD821 /* WidgetTestExtension.appex */;
			productType = "com.apple.product-type.app-extension";
		};
		82BE45532BEFA947007AE54A /* TrackUs-iOS */ = {
			isa = PBXNativeTarget;
			buildConfigurationList = 82BE45682BEFA94A007AE54A /* Build configuration list for PBXNativeTarget "TrackUs-iOS" */;
			buildPhases = (
				82BE45502BEFA947007AE54A /* Sources */,
				82BE45512BEFA947007AE54A /* Frameworks */,
				82BE45522BEFA947007AE54A /* Resources */,
				82596AAD2C0356CE00DA6C70 /* Embed Foundation Extensions */,
			);
			buildRules = (
			);
			dependencies = (
				827F97422C0DB7C900DAD821 /* PBXTargetDependency */,
			);
			name = "TrackUs-iOS";
			packageProductDependencies = (
				988618192BF31874002ACB4E /* FirebaseAuth */,
				9886181B2BF31874002ACB4E /* FirebaseAuthCombine-Community */,
				9886181D2BF31874002ACB4E /* FirebaseFirestore */,
				9886181F2BF31874002ACB4E /* FirebaseFirestoreCombine-Community */,
				988618212BF31874002ACB4E /* FirebaseFirestoreSwift */,
				988618232BF31874002ACB4E /* FirebaseMessaging */,
				988618252BF31874002ACB4E /* FirebaseStorage */,
				988618272BF31874002ACB4E /* FirebaseStorageCombine-Community */,
				9885ACF32BF9E8AA00367991 /* KakaoSDK */,
				9885ACF52BF9E8AA00367991 /* KakaoSDKAuth */,
				9885ACF72BF9E8AA00367991 /* KakaoSDKCommon */,
				9885ACF92BF9E8AA00367991 /* KakaoSDKUser */,
				987F6F252C04D7F9004F6615 /* KakaoSDKCert */,
				987F6F272C04D7F9004F6615 /* KakaoSDKCertCore */,
				988A3C882C1B00AF00B7F05A /* FirebaseAnalytics */,
			);
			productName = "TrackUs-iOS";
			productReference = 82BE45542BEFA947007AE54A /* TrackUs-iOS.app */;
			productType = "com.apple.product-type.application";
		};
/* End PBXNativeTarget section */

/* Begin PBXProject section */
		82BE454C2BEFA947007AE54A /* Project object */ = {
			isa = PBXProject;
			attributes = {
				BuildIndependentTargetsInParallel = 1;
				LastSwiftUpdateCheck = 1530;
				LastUpgradeCheck = 1530;
				TargetAttributes = {
					827F972E2C0DB7C700DAD821 = {
						CreatedOnToolsVersion = 15.3;
					};
					82BE45532BEFA947007AE54A = {
						CreatedOnToolsVersion = 15.3;
					};
				};
			};
			buildConfigurationList = 82BE454F2BEFA947007AE54A /* Build configuration list for PBXProject "TrackUs-iOS" */;
			compatibilityVersion = "Xcode 14.0";
			developmentRegion = en;
			hasScannedForEncodings = 0;
			knownRegions = (
				en,
				Base,
			);
			mainGroup = 82BE454B2BEFA947007AE54A;
			packageReferences = (
				988618182BF31874002ACB4E /* XCRemoteSwiftPackageReference "firebase-ios-sdk" */,
				9885ACF22BF9E8AA00367991 /* XCRemoteSwiftPackageReference "kakao-ios-sdk" */,
			);
			productRefGroup = 82BE45552BEFA947007AE54A /* Products */;
			projectDirPath = "";
			projectRoot = "";
			targets = (
				82BE45532BEFA947007AE54A /* TrackUs-iOS */,
				827F972E2C0DB7C700DAD821 /* WidgetTestExtension */,
			);
		};
/* End PBXProject section */

/* Begin PBXResourcesBuildPhase section */
		827F972D2C0DB7C700DAD821 /* Resources */ = {
			isa = PBXResourcesBuildPhase;
			buildActionMask = 2147483647;
			files = (
				827F973F2C0DB7C900DAD821 /* Assets.xcassets in Resources */,
			);
			runOnlyForDeploymentPostprocessing = 0;
		};
		82BE45522BEFA947007AE54A /* Resources */ = {
			isa = PBXResourcesBuildPhase;
			buildActionMask = 2147483647;
			files = (
				615ADADC2C04D45D005CAC75 /* Main.storyboard in Resources */,
				987C0EB02C185DA2007767D5 /* GoogleService-Info.plist in Resources */,
				82BE45612BEFA94A007AE54A /* Assets.xcassets in Resources */,
			);
			runOnlyForDeploymentPostprocessing = 0;
		};
/* End PBXResourcesBuildPhase section */

/* Begin PBXSourcesBuildPhase section */
		827F972B2C0DB7C700DAD821 /* Sources */ = {
			isa = PBXSourcesBuildPhase;
			buildActionMask = 2147483647;
			files = (
				827F973D2C0DB7C700DAD821 /* AppIntent.swift in Sources */,
				827F973B2C0DB7C700DAD821 /* WidgetTest.swift in Sources */,
				827F974A2C0DB87400DAD821 /* WidgetAttribute.swift in Sources */,
				827F97372C0DB7C700DAD821 /* WidgetTestBundle.swift in Sources */,
				82D845932C0E0BA200313CA2 /* WidgetTestLiveActivity.swift in Sources */,
			);
			runOnlyForDeploymentPostprocessing = 0;
		};
		82BE45502BEFA947007AE54A /* Sources */ = {
			isa = PBXSourcesBuildPhase;
			buildActionMask = 2147483647;
			files = (
				822E06B92BF1EEED00636CCC /* UserLocationDelegate.swift in Sources */,
				989EF7D02C0B0527005D523C /* ChatRoomVC.swift in Sources */,
				61A51B0A2C0BB1EF00FEE7E3 /* MateDetailSkeletonView.swift in Sources */,
				822E06B62BF1EC2500636CCC /* LocationService.swift in Sources */,
				988618172BF317EE002ACB4E /* UIImage+.swift in Sources */,
				82ABF39B2C1039D7002B25CE /* PhotoEditVC.swift in Sources */,
				9898034B2BF5F14200F5DFBD /* AgreementInputView.swift in Sources */,
				9886183A2BF4FFEB002ACB4E /* MainButton.swift in Sources */,
				82159C912C1887BB0054B684 /* WidgetManager.swift in Sources */,
				61B0DECA2BF8F950009E360B /* CourseMapVC.swift in Sources */,
				82596A8A2C034CAC00DA6C70 /* CoreMotion.swift in Sources */,
				96D43FA02C0CD2D90059C377 /* UserListVC.swift in Sources */,
				6193AD182BF34C9C00C59D43 /* CourseRegisterVC.swift in Sources */,
				82C38AC92BFCA187004819C1 /* String+.swift in Sources */,
				986AF1A72C0D86F6005E65EB /* ChatMessageCell.swift in Sources */,
				82BE457F2BEFB0E4007AE54A /* RunningMateVC.swift in Sources */,
				82BE45812BEFB128007AE54A /* ChatListVC.swift in Sources */,
				988618332BF34AE0002ACB4E /* User.swift in Sources */,
				826922E32C045B8B00D506C2 /* RunInfoCell.swift in Sources */,
				61B8F98E2BF1D502005F0728 /* CourseDrawingMapVC.swift in Sources */,
				9664CA3F2C196C8000035168 /* report_user.swift in Sources */,
				82BE45832BEFB137007AE54A /* MyProfileVC.swift in Sources */,
				98887F922C00938F006F929E /* UserManager.swift in Sources */,
				82D845922C0E0B7900313CA2 /* WidgetTestLiveActivity.swift in Sources */,
				61625E382BFE6EE500E6D1F3 /* Post.swift in Sources */,
				61B0DED22BFA668F009E360B /* SearchVC.swift in Sources */,
				8280D26F2BF12BD2002CB7DD /* LoginVC.swift in Sources */,
				96AC573C2C059CFF00F1A73C /* CalendarVC.swift in Sources */,
				96AC57382C059CDC00F1A73C /* MyProfileEditVC.swift in Sources */,
				98AB544B2BF71B790047310A /* ProfilePublicView.swift in Sources */,
				987E2FE72C0860D500B1970F /* ChatProfileImageView.swift in Sources */,
				82BE457C2BEFB0A0007AE54A /* RunningHomeVC.swift in Sources */,
				820069122C10838B009FDA6C /* StickerCollectionVC.swift in Sources */,
				82C38ACB2BFCA18E004819C1 /* Int+.swift in Sources */,
				82BE45582BEFA947007AE54A /* AppDelegate.swift in Sources */,
				82C214642C0639DE00D15993 /* MapResultVC.swift in Sources */,
				826922E72C0487B100D506C2 /* RunTrackingVC.swift in Sources */,
				967D829B2C0CAD6E00CC1F2A /* RecordService.swift in Sources */,
				61B0DED02BFA54AB009E360B /* MatePeopleListCell.swift in Sources */,
				96AC573E2C059D1700F1A73C /* OtherProfileVC.swift in Sources */,
				98887F8E2BFDBDCB006F929E /* ImageCacheManager.swift in Sources */,
				820069162C10BD86009FDA6C /* DataCollectionCell.swift in Sources */,
				615ADAE42C086F18005CAC75 /* LoadingView.swift in Sources */,
				9664CA4B2C20045D00035168 /* ProfileRecordsCell.swift in Sources */,
				8280D2752BF137E2002CB7DD /* RunningResultVC.swift in Sources */,
				988618302BF348C8002ACB4E /* AuthService.swift in Sources */,
				98601D582C07103E0056E407 /* Chat.swift in Sources */,
				9866E6182BFB63ED0031E8B6 /* SplashView.swift in Sources */,
				987E2FE52C08548300B1970F /* ChatManager.swift in Sources */,
				96AC57362C059CC700F1A73C /* SettingVC.swift in Sources */,
				98AB54492BF71B620047310A /* ProfilePictureInputView.swift in Sources */,
				96AC57342C059CAA00F1A73C /* WithdrawalVC.swift in Sources */,
				61625E3A2BFE75A500E6D1F3 /* PostService.swift in Sources */,
				826248192BFB4D9B0028C221 /* Running.swift in Sources */,
				82ABF3792C10184A002B25CE /* SelectePhotoVC.swift in Sources */,
				98601D5D2C07219A0056E407 /* ChatRoomCell.swift in Sources */,
				82C38AD32BFCE445004819C1 /* Double+.swift in Sources */,
				987E2FE92C08645500B1970F /* Date+.swift in Sources */,
				610F3C732C1C34E800DF0744 /* NetworkService.swift in Sources */,
				82707D0F2BF72BD40038E4A7 /* Haptic.swift in Sources */,
				826922E52C04664000D506C2 /* RunInfoModel.swift in Sources */,
				61B0DEC82BF74D5C009E360B /* CourseDetailVC.swift in Sources */,
				826922E92C04959900D506C2 /* RunInfoDetailVC.swift in Sources */,
				82BE455A2BEFA948007AE54A /* SceneDelegate.swift in Sources */,
				96D43FA22C0D8CEB0059C377 /* ReportUserVC.swift in Sources */,
				82E7638B2C087C220078E5C9 /* MyMapView.swift in Sources */,
				96D43F9E2C0CAE530059C377 /* ImageUploader.swift in Sources */,
				82BE45852BEFB77C007AE54A /* CustomTabBarVC.swift in Sources */,
				61B5A00B2C1076B4004FF238 /* ReportPostVC.swift in Sources */,
				988DF4722C2443B400C84E35 /* MemberCellTableViewCell.swift in Sources */,
				988618382BF37E81002ACB4E /* SignUpVC.swift in Sources */,
				984EF3572C16929B0004CB9A /* SideMenuVC.swift in Sources */,
				615ADAE22C07802B005CAC75 /* RefreshView.swift in Sources */,
				820069142C10BA3F009FDA6C /* DataCollectionVC.swift in Sources */,
				98AB54472BF71B390047310A /* NicknameInputView.swift in Sources */,
				6140CCFA2C15686500094202 /* RunningMapCell.swift in Sources */,
				61A5B9352C219D7B00A71942 /* AskusVC.swift in Sources */,
				61B0DECE2BF92174009E360B /* MateViewCell.swift in Sources */,
				82C38ACF2BFCA57B004819C1 /* Array+.swift in Sources */,
				827F97482C0DB85200DAD821 /* WidgetAttribute.swift in Sources */,
				61936F9A2C22A75800F4C372 /* AskService.swift in Sources */,
				82C38AD12BFCE0C4004819C1 /* CoreLocation.swift in Sources */,
				823E7A4A2C13452000EFA983 /* StickerCollectionCell.swift in Sources */,
			);
			runOnlyForDeploymentPostprocessing = 0;
		};
/* End PBXSourcesBuildPhase section */

/* Begin PBXTargetDependency section */
		827F97422C0DB7C900DAD821 /* PBXTargetDependency */ = {
			isa = PBXTargetDependency;
			target = 827F972E2C0DB7C700DAD821 /* WidgetTestExtension */;
			targetProxy = 827F97412C0DB7C900DAD821 /* PBXContainerItemProxy */;
		};
/* End PBXTargetDependency section */

/* Begin PBXVariantGroup section */
		82BE455D2BEFA948007AE54A /* Main.storyboard */ = {
			isa = PBXVariantGroup;
			children = (
				82BE455E2BEFA948007AE54A /* Base */,
			);
			name = Main.storyboard;
			sourceTree = "<group>";
		};
		82BE45622BEFA94A007AE54A /* LaunchScreen.storyboard */ = {
			isa = PBXVariantGroup;
			children = (
				82BE45632BEFA94A007AE54A /* Base */,
			);
			name = LaunchScreen.storyboard;
			sourceTree = "<group>";
		};
/* End PBXVariantGroup section */

/* Begin XCBuildConfiguration section */
		827F97452C0DB7C900DAD821 /* Debug */ = {
			isa = XCBuildConfiguration;
			buildSettings = {
				ASSETCATALOG_COMPILER_GLOBAL_ACCENT_COLOR_NAME = AccentColor;
				ASSETCATALOG_COMPILER_WIDGET_BACKGROUND_COLOR_NAME = WidgetBackground;
				CODE_SIGN_ENTITLEMENTS = WidgetTestExtensionDebug.entitlements;
				CODE_SIGN_IDENTITY = "Apple Development";
				"CODE_SIGN_IDENTITY[sdk=iphoneos*]" = "iPhone Developer";
				CODE_SIGN_STYLE = Manual;
				CURRENT_PROJECT_VERSION = 1;
				DEVELOPMENT_TEAM = "";
				"DEVELOPMENT_TEAM[sdk=iphoneos*]" = 4N3558QY8F;
				ENABLE_APP_SANDBOX = NO;
				GENERATE_INFOPLIST_FILE = YES;
				INFOPLIST_FILE = WidgetTest/Info.plist;
				INFOPLIST_KEY_CFBundleDisplayName = WidgetTest;
				INFOPLIST_KEY_NSHumanReadableCopyright = "";
				IPHONEOS_DEPLOYMENT_TARGET = 16.2;
				LD_RUNPATH_SEARCH_PATHS = (
					"$(inherited)",
					"@executable_path/Frameworks",
					"@executable_path/../../Frameworks",
				);
				MARKETING_VERSION = 1.0;
				PRODUCT_BUNDLE_IDENTIFIER = com.Trackus.app.TestWidget;
				PRODUCT_NAME = "$(TARGET_NAME)";
				PROVISIONING_PROFILE_SPECIFIER = "";
				"PROVISIONING_PROFILE_SPECIFIER[sdk=iphoneos*]" = TrackUs_Development_w2;
				SKIP_INSTALL = YES;
				SUPPORTED_PLATFORMS = "iphoneos iphonesimulator";
				SUPPORTS_MACCATALYST = NO;
				SUPPORTS_MAC_DESIGNED_FOR_IPHONE_IPAD = NO;
				SUPPORTS_XR_DESIGNED_FOR_IPHONE_IPAD = NO;
				SWIFT_EMIT_LOC_STRINGS = YES;
				SWIFT_VERSION = 5.0;
				TARGETED_DEVICE_FAMILY = 1;
			};
			name = Debug;
		};
		827F97462C0DB7C900DAD821 /* Release */ = {
			isa = XCBuildConfiguration;
			buildSettings = {
				ASSETCATALOG_COMPILER_GLOBAL_ACCENT_COLOR_NAME = AccentColor;
				ASSETCATALOG_COMPILER_WIDGET_BACKGROUND_COLOR_NAME = WidgetBackground;
				"CODE_SIGN_IDENTITY[sdk=iphoneos*]" = "iPhone Developer";
				CODE_SIGN_STYLE = Manual;
				CURRENT_PROJECT_VERSION = 1;
				DEVELOPMENT_TEAM = "";
				"DEVELOPMENT_TEAM[sdk=iphoneos*]" = 4N3558QY8F;
				ENABLE_APP_SANDBOX = NO;
				GENERATE_INFOPLIST_FILE = YES;
				INFOPLIST_FILE = WidgetTest/Info.plist;
				INFOPLIST_KEY_CFBundleDisplayName = WidgetTest;
				INFOPLIST_KEY_NSHumanReadableCopyright = "";
				IPHONEOS_DEPLOYMENT_TARGET = 16.2;
				LD_RUNPATH_SEARCH_PATHS = (
					"$(inherited)",
					"@executable_path/Frameworks",
					"@executable_path/../../Frameworks",
				);
				MARKETING_VERSION = 1.0;
				PRODUCT_BUNDLE_IDENTIFIER = com.Trackus.app.TestWidget;
				PRODUCT_NAME = "$(TARGET_NAME)";
				PROVISIONING_PROFILE_SPECIFIER = "";
				"PROVISIONING_PROFILE_SPECIFIER[sdk=iphoneos*]" = TrackUs_Development_w2;
				SKIP_INSTALL = YES;
				SUPPORTED_PLATFORMS = "iphoneos iphonesimulator";
				SUPPORTS_MACCATALYST = NO;
				SUPPORTS_MAC_DESIGNED_FOR_IPHONE_IPAD = NO;
				SUPPORTS_XR_DESIGNED_FOR_IPHONE_IPAD = NO;
				SWIFT_EMIT_LOC_STRINGS = YES;
				SWIFT_VERSION = 5.0;
				TARGETED_DEVICE_FAMILY = 1;
			};
			name = Release;
		};
		82BE45662BEFA94A007AE54A /* Debug */ = {
			isa = XCBuildConfiguration;
			baseConfigurationReference = 987C0EB12C18641E007767D5 /* Config.xcconfig */;
			buildSettings = {
				ALWAYS_SEARCH_USER_PATHS = NO;
				ASSETCATALOG_COMPILER_GENERATE_SWIFT_ASSET_SYMBOL_EXTENSIONS = YES;
				CLANG_ANALYZER_LOCALIZABILITY_NONLOCALIZED = YES;
				CLANG_ANALYZER_NONNULL = YES;
				CLANG_ANALYZER_NUMBER_OBJECT_CONVERSION = YES_AGGRESSIVE;
				CLANG_CXX_LANGUAGE_STANDARD = "gnu++20";
				CLANG_ENABLE_MODULES = YES;
				CLANG_ENABLE_OBJC_ARC = YES;
				CLANG_ENABLE_OBJC_WEAK = YES;
				CLANG_WARN_BLOCK_CAPTURE_AUTORELEASING = YES;
				CLANG_WARN_BOOL_CONVERSION = YES;
				CLANG_WARN_COMMA = YES;
				CLANG_WARN_CONSTANT_CONVERSION = YES;
				CLANG_WARN_DEPRECATED_OBJC_IMPLEMENTATIONS = YES;
				CLANG_WARN_DIRECT_OBJC_ISA_USAGE = YES_ERROR;
				CLANG_WARN_DOCUMENTATION_COMMENTS = YES;
				CLANG_WARN_EMPTY_BODY = YES;
				CLANG_WARN_ENUM_CONVERSION = YES;
				CLANG_WARN_INFINITE_RECURSION = YES;
				CLANG_WARN_INT_CONVERSION = YES;
				CLANG_WARN_NON_LITERAL_NULL_CONVERSION = YES;
				CLANG_WARN_OBJC_IMPLICIT_RETAIN_SELF = YES;
				CLANG_WARN_OBJC_LITERAL_CONVERSION = YES;
				CLANG_WARN_OBJC_ROOT_CLASS = YES_ERROR;
				CLANG_WARN_QUOTED_INCLUDE_IN_FRAMEWORK_HEADER = YES;
				CLANG_WARN_RANGE_LOOP_ANALYSIS = YES;
				CLANG_WARN_STRICT_PROTOTYPES = YES;
				CLANG_WARN_SUSPICIOUS_MOVE = YES;
				CLANG_WARN_UNGUARDED_AVAILABILITY = YES_AGGRESSIVE;
				CLANG_WARN_UNREACHABLE_CODE = YES;
				CLANG_WARN__DUPLICATE_METHOD_MATCH = YES;
				COPY_PHASE_STRIP = NO;
				DEBUG_INFORMATION_FORMAT = dwarf;
				ENABLE_STRICT_OBJC_MSGSEND = YES;
				ENABLE_TESTABILITY = YES;
				ENABLE_USER_SCRIPT_SANDBOXING = YES;
				GCC_C_LANGUAGE_STANDARD = gnu17;
				GCC_DYNAMIC_NO_PIC = NO;
				GCC_NO_COMMON_BLOCKS = YES;
				GCC_OPTIMIZATION_LEVEL = 0;
				GCC_PREPROCESSOR_DEFINITIONS = (
					"DEBUG=1",
					"$(inherited)",
				);
				GCC_WARN_64_TO_32_BIT_CONVERSION = YES;
				GCC_WARN_ABOUT_RETURN_TYPE = YES_ERROR;
				GCC_WARN_UNDECLARED_SELECTOR = YES;
				GCC_WARN_UNINITIALIZED_AUTOS = YES_AGGRESSIVE;
				GCC_WARN_UNUSED_FUNCTION = YES;
				GCC_WARN_UNUSED_VARIABLE = YES;
				IPHONEOS_DEPLOYMENT_TARGET = 15.0;
				LOCALIZATION_PREFERS_STRING_CATALOGS = YES;
				MTL_ENABLE_DEBUG_INFO = INCLUDE_SOURCE;
				MTL_FAST_MATH = YES;
				ONLY_ACTIVE_ARCH = YES;
				SDKROOT = iphoneos;
				SWIFT_ACTIVE_COMPILATION_CONDITIONS = "DEBUG $(inherited)";
				SWIFT_OPTIMIZATION_LEVEL = "-Onone";
			};
			name = Debug;
		};
		82BE45672BEFA94A007AE54A /* Release */ = {
			isa = XCBuildConfiguration;
			baseConfigurationReference = 987C0EB12C18641E007767D5 /* Config.xcconfig */;
			buildSettings = {
				ALWAYS_SEARCH_USER_PATHS = NO;
				ASSETCATALOG_COMPILER_GENERATE_SWIFT_ASSET_SYMBOL_EXTENSIONS = YES;
				CLANG_ANALYZER_LOCALIZABILITY_NONLOCALIZED = YES;
				CLANG_ANALYZER_NONNULL = YES;
				CLANG_ANALYZER_NUMBER_OBJECT_CONVERSION = YES_AGGRESSIVE;
				CLANG_CXX_LANGUAGE_STANDARD = "gnu++20";
				CLANG_ENABLE_MODULES = YES;
				CLANG_ENABLE_OBJC_ARC = YES;
				CLANG_ENABLE_OBJC_WEAK = YES;
				CLANG_WARN_BLOCK_CAPTURE_AUTORELEASING = YES;
				CLANG_WARN_BOOL_CONVERSION = YES;
				CLANG_WARN_COMMA = YES;
				CLANG_WARN_CONSTANT_CONVERSION = YES;
				CLANG_WARN_DEPRECATED_OBJC_IMPLEMENTATIONS = YES;
				CLANG_WARN_DIRECT_OBJC_ISA_USAGE = YES_ERROR;
				CLANG_WARN_DOCUMENTATION_COMMENTS = YES;
				CLANG_WARN_EMPTY_BODY = YES;
				CLANG_WARN_ENUM_CONVERSION = YES;
				CLANG_WARN_INFINITE_RECURSION = YES;
				CLANG_WARN_INT_CONVERSION = YES;
				CLANG_WARN_NON_LITERAL_NULL_CONVERSION = YES;
				CLANG_WARN_OBJC_IMPLICIT_RETAIN_SELF = YES;
				CLANG_WARN_OBJC_LITERAL_CONVERSION = YES;
				CLANG_WARN_OBJC_ROOT_CLASS = YES_ERROR;
				CLANG_WARN_QUOTED_INCLUDE_IN_FRAMEWORK_HEADER = YES;
				CLANG_WARN_RANGE_LOOP_ANALYSIS = YES;
				CLANG_WARN_STRICT_PROTOTYPES = YES;
				CLANG_WARN_SUSPICIOUS_MOVE = YES;
				CLANG_WARN_UNGUARDED_AVAILABILITY = YES_AGGRESSIVE;
				CLANG_WARN_UNREACHABLE_CODE = YES;
				CLANG_WARN__DUPLICATE_METHOD_MATCH = YES;
				COPY_PHASE_STRIP = NO;
				DEBUG_INFORMATION_FORMAT = "dwarf-with-dsym";
				ENABLE_NS_ASSERTIONS = NO;
				ENABLE_STRICT_OBJC_MSGSEND = YES;
				ENABLE_USER_SCRIPT_SANDBOXING = YES;
				GCC_C_LANGUAGE_STANDARD = gnu17;
				GCC_NO_COMMON_BLOCKS = YES;
				GCC_WARN_64_TO_32_BIT_CONVERSION = YES;
				GCC_WARN_ABOUT_RETURN_TYPE = YES_ERROR;
				GCC_WARN_UNDECLARED_SELECTOR = YES;
				GCC_WARN_UNINITIALIZED_AUTOS = YES_AGGRESSIVE;
				GCC_WARN_UNUSED_FUNCTION = YES;
				GCC_WARN_UNUSED_VARIABLE = YES;
				IPHONEOS_DEPLOYMENT_TARGET = 15.0;
				LOCALIZATION_PREFERS_STRING_CATALOGS = YES;
				MTL_ENABLE_DEBUG_INFO = NO;
				MTL_FAST_MATH = YES;
				SDKROOT = iphoneos;
				SWIFT_COMPILATION_MODE = wholemodule;
				VALIDATE_PRODUCT = YES;
			};
			name = Release;
		};
		82BE45692BEFA94A007AE54A /* Debug */ = {
			isa = XCBuildConfiguration;
			baseConfigurationReference = 987C0EB12C18641E007767D5 /* Config.xcconfig */;
			buildSettings = {
				ALWAYS_EMBED_SWIFT_STANDARD_LIBRARIES = YES;
				ASSETCATALOG_COMPILER_APPICON_NAME = AppIcon;
				ASSETCATALOG_COMPILER_GLOBAL_ACCENT_COLOR_NAME = AccentColor;
				CODE_SIGN_ENTITLEMENTS = "TrackUs-iOS/TrackUs-iOSDebug.entitlements";
				CODE_SIGN_IDENTITY = "Apple Development";
				"CODE_SIGN_IDENTITY[sdk=iphoneos*]" = "iPhone Developer";
				CODE_SIGN_STYLE = Manual;
				CURRENT_PROJECT_VERSION = 1;
				DEVELOPMENT_TEAM = 4N3558QY8F;
				"DEVELOPMENT_TEAM[sdk=iphoneos*]" = 4N3558QY8F;
				ENABLE_APP_SANDBOX = NO;
				GENERATE_INFOPLIST_FILE = NO;
				INFOPLIST_FILE = "TrackUs-iOS/Info.plist";
				INFOPLIST_KEY_LSApplicationCategoryType = "public.app-category.healthcare-fitness";
				INFOPLIST_KEY_NSLocationAlwaysAndWhenInUseUsageDescription = "앱을 이용하려면 위치정보 접근 권한이 필요합니다.";
				INFOPLIST_KEY_NSLocationWhenInUseUsageDescription = "앱을 이용하려면 위치정보 접근 권한이 필요합니다.";
				INFOPLIST_KEY_NSMotionUsageDescription = "운동정보를 기록하기 위해서 움직임 활동 권한이 필요합니다.";
				INFOPLIST_KEY_UIApplicationSupportsIndirectInputEvents = YES;
				INFOPLIST_KEY_UILaunchStoryboardName = LaunchScreen;
				INFOPLIST_KEY_UIMainStoryboardFile = Main;
				INFOPLIST_KEY_UIStatusBarStyle = "";
				INFOPLIST_KEY_UISupportedInterfaceOrientations = UIInterfaceOrientationPortrait;
				INFOPLIST_KEY_UISupportedInterfaceOrientations_iPad = "UIInterfaceOrientationLandscapeLeft UIInterfaceOrientationLandscapeRight UIInterfaceOrientationPortrait UIInterfaceOrientationPortraitUpsideDown";
				IPHONEOS_DEPLOYMENT_TARGET = 15.0;
				LD_RUNPATH_SEARCH_PATHS = (
					"$(inherited)",
					"@executable_path/Frameworks",
				);
				MARKETING_VERSION = 1.0;
				PRODUCT_BUNDLE_IDENTIFIER = com.Trackus.app;
				PRODUCT_NAME = "$(TARGET_NAME)";
				PROVISIONING_PROFILE_SPECIFIER = "";
				"PROVISIONING_PROFILE_SPECIFIER[sdk=iphoneos*]" = TrackUs_Uikit_Development2;
				SUPPORTED_PLATFORMS = "iphoneos iphonesimulator";
				SUPPORTS_MACCATALYST = NO;
				SUPPORTS_MAC_DESIGNED_FOR_IPHONE_IPAD = NO;
				SUPPORTS_XR_DESIGNED_FOR_IPHONE_IPAD = NO;
				SWIFT_EMIT_LOC_STRINGS = YES;
				SWIFT_VERSION = 5.0;
				TARGETED_DEVICE_FAMILY = 1;
			};
			name = Debug;
		};
		82BE456A2BEFA94A007AE54A /* Release */ = {
			isa = XCBuildConfiguration;
			baseConfigurationReference = 987C0EB12C18641E007767D5 /* Config.xcconfig */;
			buildSettings = {
				ALWAYS_EMBED_SWIFT_STANDARD_LIBRARIES = YES;
				ASSETCATALOG_COMPILER_APPICON_NAME = AppIcon;
				ASSETCATALOG_COMPILER_GLOBAL_ACCENT_COLOR_NAME = AccentColor;
				CODE_SIGN_ENTITLEMENTS = "TrackUs-iOS/TrackUs-iOS.entitlements";
				"CODE_SIGN_IDENTITY[sdk=iphoneos*]" = "iPhone Developer";
				CODE_SIGN_STYLE = Manual;
				CURRENT_PROJECT_VERSION = 1;
				DEVELOPMENT_TEAM = 4N3558QY8F;
				"DEVELOPMENT_TEAM[sdk=iphoneos*]" = 4N3558QY8F;
				ENABLE_APP_SANDBOX = NO;
				GENERATE_INFOPLIST_FILE = NO;
				INFOPLIST_FILE = "TrackUs-iOS/Info.plist";
				INFOPLIST_KEY_LSApplicationCategoryType = "public.app-category.healthcare-fitness";
				INFOPLIST_KEY_NSLocationAlwaysAndWhenInUseUsageDescription = "앱을 이용하려면 위치정보 접근 권한이 필요합니다.";
				INFOPLIST_KEY_NSLocationWhenInUseUsageDescription = "앱을 이용하려면 위치정보 접근 권한이 필요합니다.";
				INFOPLIST_KEY_NSMotionUsageDescription = "운동정보를 기록하기 위해서 움직임 활동 권한이 필요합니다.";
				INFOPLIST_KEY_UIApplicationSupportsIndirectInputEvents = YES;
				INFOPLIST_KEY_UILaunchStoryboardName = LaunchScreen;
				INFOPLIST_KEY_UIMainStoryboardFile = Main;
				INFOPLIST_KEY_UIStatusBarStyle = "";
				INFOPLIST_KEY_UISupportedInterfaceOrientations = UIInterfaceOrientationPortrait;
				INFOPLIST_KEY_UISupportedInterfaceOrientations_iPad = "UIInterfaceOrientationLandscapeLeft UIInterfaceOrientationLandscapeRight UIInterfaceOrientationPortrait UIInterfaceOrientationPortraitUpsideDown";
				IPHONEOS_DEPLOYMENT_TARGET = 15.0;
				LD_RUNPATH_SEARCH_PATHS = (
					"$(inherited)",
					"@executable_path/Frameworks",
				);
				MARKETING_VERSION = 1.0;
				PRODUCT_BUNDLE_IDENTIFIER = com.Trackus.app;
				PRODUCT_NAME = "$(TARGET_NAME)";
				PROVISIONING_PROFILE_SPECIFIER = "";
				"PROVISIONING_PROFILE_SPECIFIER[sdk=iphoneos*]" = TrackUs_Uikit_Development2;
				SUPPORTED_PLATFORMS = "iphoneos iphonesimulator";
				SUPPORTS_MACCATALYST = NO;
				SUPPORTS_MAC_DESIGNED_FOR_IPHONE_IPAD = NO;
				SUPPORTS_XR_DESIGNED_FOR_IPHONE_IPAD = NO;
				SWIFT_EMIT_LOC_STRINGS = YES;
				SWIFT_VERSION = 5.0;
				TARGETED_DEVICE_FAMILY = 1;
			};
			name = Release;
		};
/* End XCBuildConfiguration section */

/* Begin XCConfigurationList section */
		827F97442C0DB7C900DAD821 /* Build configuration list for PBXNativeTarget "WidgetTestExtension" */ = {
			isa = XCConfigurationList;
			buildConfigurations = (
				827F97452C0DB7C900DAD821 /* Debug */,
				827F97462C0DB7C900DAD821 /* Release */,
			);
			defaultConfigurationIsVisible = 0;
			defaultConfigurationName = Release;
		};
		82BE454F2BEFA947007AE54A /* Build configuration list for PBXProject "TrackUs-iOS" */ = {
			isa = XCConfigurationList;
			buildConfigurations = (
				82BE45662BEFA94A007AE54A /* Debug */,
				82BE45672BEFA94A007AE54A /* Release */,
			);
			defaultConfigurationIsVisible = 0;
			defaultConfigurationName = Release;
		};
		82BE45682BEFA94A007AE54A /* Build configuration list for PBXNativeTarget "TrackUs-iOS" */ = {
			isa = XCConfigurationList;
			buildConfigurations = (
				82BE45692BEFA94A007AE54A /* Debug */,
				82BE456A2BEFA94A007AE54A /* Release */,
			);
			defaultConfigurationIsVisible = 0;
			defaultConfigurationName = Release;
		};
/* End XCConfigurationList section */

/* Begin XCRemoteSwiftPackageReference section */
		9885ACF22BF9E8AA00367991 /* XCRemoteSwiftPackageReference "kakao-ios-sdk" */ = {
			isa = XCRemoteSwiftPackageReference;
			repositoryURL = "https://github.com/kakao/kakao-ios-sdk";
			requirement = {
				kind = upToNextMajorVersion;
				minimumVersion = 2.22.2;
			};
		};
		988618182BF31874002ACB4E /* XCRemoteSwiftPackageReference "firebase-ios-sdk" */ = {
			isa = XCRemoteSwiftPackageReference;
			repositoryURL = "https://github.com/firebase/firebase-ios-sdk";
			requirement = {
				kind = upToNextMajorVersion;
				minimumVersion = 10.26.0;
			};
		};
/* End XCRemoteSwiftPackageReference section */

/* Begin XCSwiftPackageProductDependency section */
		987F6F252C04D7F9004F6615 /* KakaoSDKCert */ = {
			isa = XCSwiftPackageProductDependency;
			package = 9885ACF22BF9E8AA00367991 /* XCRemoteSwiftPackageReference "kakao-ios-sdk" */;
			productName = KakaoSDKCert;
		};
		987F6F272C04D7F9004F6615 /* KakaoSDKCertCore */ = {
			isa = XCSwiftPackageProductDependency;
			package = 9885ACF22BF9E8AA00367991 /* XCRemoteSwiftPackageReference "kakao-ios-sdk" */;
			productName = KakaoSDKCertCore;
		};
		9885ACF32BF9E8AA00367991 /* KakaoSDK */ = {
			isa = XCSwiftPackageProductDependency;
			package = 9885ACF22BF9E8AA00367991 /* XCRemoteSwiftPackageReference "kakao-ios-sdk" */;
			productName = KakaoSDK;
		};
		9885ACF52BF9E8AA00367991 /* KakaoSDKAuth */ = {
			isa = XCSwiftPackageProductDependency;
			package = 9885ACF22BF9E8AA00367991 /* XCRemoteSwiftPackageReference "kakao-ios-sdk" */;
			productName = KakaoSDKAuth;
		};
		9885ACF72BF9E8AA00367991 /* KakaoSDKCommon */ = {
			isa = XCSwiftPackageProductDependency;
			package = 9885ACF22BF9E8AA00367991 /* XCRemoteSwiftPackageReference "kakao-ios-sdk" */;
			productName = KakaoSDKCommon;
		};
		9885ACF92BF9E8AA00367991 /* KakaoSDKUser */ = {
			isa = XCSwiftPackageProductDependency;
			package = 9885ACF22BF9E8AA00367991 /* XCRemoteSwiftPackageReference "kakao-ios-sdk" */;
			productName = KakaoSDKUser;
		};
		988618192BF31874002ACB4E /* FirebaseAuth */ = {
			isa = XCSwiftPackageProductDependency;
			package = 988618182BF31874002ACB4E /* XCRemoteSwiftPackageReference "firebase-ios-sdk" */;
			productName = FirebaseAuth;
		};
		9886181B2BF31874002ACB4E /* FirebaseAuthCombine-Community */ = {
			isa = XCSwiftPackageProductDependency;
			package = 988618182BF31874002ACB4E /* XCRemoteSwiftPackageReference "firebase-ios-sdk" */;
			productName = "FirebaseAuthCombine-Community";
		};
		9886181D2BF31874002ACB4E /* FirebaseFirestore */ = {
			isa = XCSwiftPackageProductDependency;
			package = 988618182BF31874002ACB4E /* XCRemoteSwiftPackageReference "firebase-ios-sdk" */;
			productName = FirebaseFirestore;
		};
		9886181F2BF31874002ACB4E /* FirebaseFirestoreCombine-Community */ = {
			isa = XCSwiftPackageProductDependency;
			package = 988618182BF31874002ACB4E /* XCRemoteSwiftPackageReference "firebase-ios-sdk" */;
			productName = "FirebaseFirestoreCombine-Community";
		};
		988618212BF31874002ACB4E /* FirebaseFirestoreSwift */ = {
			isa = XCSwiftPackageProductDependency;
			package = 988618182BF31874002ACB4E /* XCRemoteSwiftPackageReference "firebase-ios-sdk" */;
			productName = FirebaseFirestoreSwift;
		};
		988618232BF31874002ACB4E /* FirebaseMessaging */ = {
			isa = XCSwiftPackageProductDependency;
			package = 988618182BF31874002ACB4E /* XCRemoteSwiftPackageReference "firebase-ios-sdk" */;
			productName = FirebaseMessaging;
		};
		988618252BF31874002ACB4E /* FirebaseStorage */ = {
			isa = XCSwiftPackageProductDependency;
			package = 988618182BF31874002ACB4E /* XCRemoteSwiftPackageReference "firebase-ios-sdk" */;
			productName = FirebaseStorage;
		};
		988618272BF31874002ACB4E /* FirebaseStorageCombine-Community */ = {
			isa = XCSwiftPackageProductDependency;
			package = 988618182BF31874002ACB4E /* XCRemoteSwiftPackageReference "firebase-ios-sdk" */;
			productName = "FirebaseStorageCombine-Community";
		};
		988A3C882C1B00AF00B7F05A /* FirebaseAnalytics */ = {
			isa = XCSwiftPackageProductDependency;
			package = 988618182BF31874002ACB4E /* XCRemoteSwiftPackageReference "firebase-ios-sdk" */;
			productName = FirebaseAnalytics;
		};
/* End XCSwiftPackageProductDependency section */
	};
	rootObject = 82BE454C2BEFA947007AE54A /* Project object */;
}
